// !$*UTF8*$!
{
	archiveVersion = 1;
	classes = {
	};
	objectVersion = 48;
	objects = {

/* Begin PBXBuildFile section */
		6082EA1B1FFE0CC00052EB0B /* InfoPlist.strings in Resources */ = {isa = PBXBuildFile; fileRef = 6082EA1A1FFE0CC00052EB0B /* InfoPlist.strings */; };
		60C4B6EA1FF6725400EE8A89 /* LoginPlugin.m in Sources */ = {isa = PBXBuildFile; fileRef = 60C4B6E91FF6725400EE8A89 /* LoginPlugin.m */; };
		7519ADB92046A44E00C30B0C /* UnzipManager.m in Sources */ = {isa = PBXBuildFile; fileRef = 7519ADB82046A44E00C30B0C /* UnzipManager.m */; };
		75A2245D1FDF8CF5005E28B2 /* AppDelegate.m in Sources */ = {isa = PBXBuildFile; fileRef = 75A2245C1FDF8CF5005E28B2 /* AppDelegate.m */; };
		75A224601FDF8CF5005E28B2 /* ViewController.m in Sources */ = {isa = PBXBuildFile; fileRef = 75A2245F1FDF8CF5005E28B2 /* ViewController.m */; };
		75A224631FDF8CF6005E28B2 /* Main.storyboard in Resources */ = {isa = PBXBuildFile; fileRef = 75A224611FDF8CF6005E28B2 /* Main.storyboard */; };
		75A224651FDF8CF6005E28B2 /* Assets.xcassets in Resources */ = {isa = PBXBuildFile; fileRef = 75A224641FDF8CF6005E28B2 /* Assets.xcassets */; };
		75A224681FDF8CF6005E28B2 /* LaunchScreen.storyboard in Resources */ = {isa = PBXBuildFile; fileRef = 75A224661FDF8CF6005E28B2 /* LaunchScreen.storyboard */; };
		75A2246B1FDF8CF6005E28B2 /* main.m in Sources */ = {isa = PBXBuildFile; fileRef = 75A2246A1FDF8CF6005E28B2 /* main.m */; };
		75A224751FDF8CF7005E28B2 /* ZQuanProjectTests.m in Sources */ = {isa = PBXBuildFile; fileRef = 75A224741FDF8CF7005E28B2 /* ZQuanProjectTests.m */; };
		75A224801FDF8CF7005E28B2 /* ZQuanProjectUITests.m in Sources */ = {isa = PBXBuildFile; fileRef = 75A2247F1FDF8CF7005E28B2 /* ZQuanProjectUITests.m */; };
		75A2249B1FDF9781005E28B2 /* UIView+Additional.m in Sources */ = {isa = PBXBuildFile; fileRef = 75A224991FDF9781005E28B2 /* UIView+Additional.m */; };
		75A224A11FDF98C1005E28B2 /* ZQLaunchViewController.m in Sources */ = {isa = PBXBuildFile; fileRef = 75A224A01FDF98C1005E28B2 /* ZQLaunchViewController.m */; };
		75C527FD1FE13C1B000230DD /* Helper+Cache.m in Sources */ = {isa = PBXBuildFile; fileRef = 75C527FC1FE13C1A000230DD /* Helper+Cache.m */; };
		75C528041FE148AC000230DD /* GradientProgressView.m in Sources */ = {isa = PBXBuildFile; fileRef = 75C528031FE148AC000230DD /* GradientProgressView.m */; };
		75E80A89204924D500667839 /* JZNetObserver.m in Sources */ = {isa = PBXBuildFile; fileRef = 75E80A85204924D400667839 /* JZNetObserver.m */; };
		75E80A8A204924D500667839 /* JZNetTool.m in Sources */ = {isa = PBXBuildFile; fileRef = 75E80A86204924D400667839 /* JZNetTool.m */; };
		BF4BBD63652293626621B979 /* Pods_ZQuanProject.framework in Frameworks */ = {isa = PBXBuildFile; fileRef = 32E48CC7DE08A9023BDB2986 /* Pods_ZQuanProject.framework */; };
		FC13F9871FE60CD10009499E /* NSURLProtocol+WebKitSupport.m in Sources */ = {isa = PBXBuildFile; fileRef = FC13F9831FE60CD10009499E /* NSURLProtocol+WebKitSupport.m */; };
		FC13F9881FE60CD10009499E /* WebNSURLProtocol.m in Sources */ = {isa = PBXBuildFile; fileRef = FC13F9861FE60CD10009499E /* WebNSURLProtocol.m */; };
		FC13F98B1FE61A7B0009499E /* H5Plugin.m in Sources */ = {isa = PBXBuildFile; fileRef = FC13F98A1FE61A7B0009499E /* H5Plugin.m */; };
		FC13F9921FE61F870009499E /* BackPlugin.m in Sources */ = {isa = PBXBuildFile; fileRef = FC13F9911FE61F870009499E /* BackPlugin.m */; };
		FC13F9AD1FE7726D0009499E /* H5EventDispatcher.m in Sources */ = {isa = PBXBuildFile; fileRef = FC13F9AC1FE7726D0009499E /* H5EventDispatcher.m */; };
		FC13F9B01FE77C6F0009499E /* AlbumPlugin.m in Sources */ = {isa = PBXBuildFile; fileRef = FC13F9AF1FE77C6F0009499E /* AlbumPlugin.m */; };
		FC13F9B31FE77C880009499E /* AlertPlugin.m in Sources */ = {isa = PBXBuildFile; fileRef = FC13F9B21FE77C880009499E /* AlertPlugin.m */; };
		FC13F9B61FE77C9F0009499E /* ConfirmPlugin.m in Sources */ = {isa = PBXBuildFile; fileRef = FC13F9B51FE77C9F0009499E /* ConfirmPlugin.m */; };
		FC13F9B91FE77CC30009499E /* DownloadPlugin.m in Sources */ = {isa = PBXBuildFile; fileRef = FC13F9B81FE77CC30009499E /* DownloadPlugin.m */; };
		FC13F9BC1FE77CD80009499E /* GetPreferencePlugin.m in Sources */ = {isa = PBXBuildFile; fileRef = FC13F9BB1FE77CD80009499E /* GetPreferencePlugin.m */; };
		FC13F9BF1FE77CEB0009499E /* HideBackButtonPlugin.m in Sources */ = {isa = PBXBuildFile; fileRef = FC13F9BE1FE77CEB0009499E /* HideBackButtonPlugin.m */; };
		FC13F9C21FE77CFE0009499E /* HideLoadingPlugin.m in Sources */ = {isa = PBXBuildFile; fileRef = FC13F9C11FE77CFE0009499E /* HideLoadingPlugin.m */; };
		FC13F9C81FE77D3A0009499E /* LoginOutPlugin.m in Sources */ = {isa = PBXBuildFile; fileRef = FC13F9C71FE77D3A0009499E /* LoginOutPlugin.m */; };
		FC13F9CB1FE77D4E0009499E /* LoginWeiboPlugin.m in Sources */ = {isa = PBXBuildFile; fileRef = FC13F9CA1FE77D4E0009499E /* LoginWeiboPlugin.m */; };
		FC13F9CE1FE77D5F0009499E /* MoveTaskToBackPlugin.m in Sources */ = {isa = PBXBuildFile; fileRef = FC13F9CD1FE77D5F0009499E /* MoveTaskToBackPlugin.m */; };
		FC13F9D11FE77D710009499E /* NetworkInfoPlugin.m in Sources */ = {isa = PBXBuildFile; fileRef = FC13F9D01FE77D710009499E /* NetworkInfoPlugin.m */; };
		FC13F9D41FE77D880009499E /* NotifyPlugin.m in Sources */ = {isa = PBXBuildFile; fileRef = FC13F9D31FE77D880009499E /* NotifyPlugin.m */; };
		FC13F9D71FE77D990009499E /* OpenUriPlugin.m in Sources */ = {isa = PBXBuildFile; fileRef = FC13F9D61FE77D990009499E /* OpenUriPlugin.m */; };
		FC13F9DA1FE77DB10009499E /* PopWindowPlugin.m in Sources */ = {isa = PBXBuildFile; fileRef = FC13F9D91FE77DB10009499E /* PopWindowPlugin.m */; };
		FC13F9DD1FE77DC40009499E /* PromptPlugin.m in Sources */ = {isa = PBXBuildFile; fileRef = FC13F9DC1FE77DC40009499E /* PromptPlugin.m */; };
		FC13F9E01FE77DDF0009499E /* PushWindowPlugin.m in Sources */ = {isa = PBXBuildFile; fileRef = FC13F9DF1FE77DDF0009499E /* PushWindowPlugin.m */; };
		FC13F9E31FE77DF10009499E /* RefreshPlugin.m in Sources */ = {isa = PBXBuildFile; fileRef = FC13F9E21FE77DF10009499E /* RefreshPlugin.m */; };
		FC13F9E61FE77E0A0009499E /* RefreshStatePlugin.m in Sources */ = {isa = PBXBuildFile; fileRef = FC13F9E51FE77E0A0009499E /* RefreshStatePlugin.m */; };
		FC13F9EC1FE77E360009499E /* SetOptionMenuPlugin.m in Sources */ = {isa = PBXBuildFile; fileRef = FC13F9EB1FE77E360009499E /* SetOptionMenuPlugin.m */; };
		FC13F9F21FE77E570009499E /* SetSubTitlePlugin.m in Sources */ = {isa = PBXBuildFile; fileRef = FC13F9F11FE77E570009499E /* SetSubTitlePlugin.m */; };
		FC13F9F51FE77E690009499E /* SetTitleBgColorPlugin.m in Sources */ = {isa = PBXBuildFile; fileRef = FC13F9F41FE77E690009499E /* SetTitleBgColorPlugin.m */; };
		FC13F9F81FE77E7C0009499E /* SetTitlePlugin.m in Sources */ = {isa = PBXBuildFile; fileRef = FC13F9F71FE77E7C0009499E /* SetTitlePlugin.m */; };
		FC13F9FB1FE77E910009499E /* ShowBackButtonPlugin.m in Sources */ = {isa = PBXBuildFile; fileRef = FC13F9FA1FE77E910009499E /* ShowBackButtonPlugin.m */; };
		FC13F9FE1FE77EA00009499E /* ShowLoadingPlugin.m in Sources */ = {isa = PBXBuildFile; fileRef = FC13F9FD1FE77EA00009499E /* ShowLoadingPlugin.m */; };
		FC13FA041FE77EC50009499E /* ToastPlugin.m in Sources */ = {isa = PBXBuildFile; fileRef = FC13FA031FE77EC50009499E /* ToastPlugin.m */; };
		FC13FA071FE77EDC0009499E /* WeiboLoginPlugin.m in Sources */ = {isa = PBXBuildFile; fileRef = FC13FA061FE77EDC0009499E /* WeiboLoginPlugin.m */; };
		FC13FA0A1FE790770009499E /* SetPreferencePlugin.m in Sources */ = {isa = PBXBuildFile; fileRef = FC13FA091FE790770009499E /* SetPreferencePlugin.m */; };
		FC974D3120286B0A009A0271 /* SetCachePlugin.m in Sources */ = {isa = PBXBuildFile; fileRef = FC974D3020286B0A009A0271 /* SetCachePlugin.m */; };
		FC974D3420286B2F009A0271 /* GetCachePlugin.m in Sources */ = {isa = PBXBuildFile; fileRef = FC974D3320286B2F009A0271 /* GetCachePlugin.m */; };
		FCBEE0E9202320040087D927 /* ZQLayoutModel.m in Sources */ = {isa = PBXBuildFile; fileRef = FCBEE0E8202320040087D927 /* ZQLayoutModel.m */; };
		FCCC3BD11FE021AE00C95569 /* Helper.m in Sources */ = {isa = PBXBuildFile; fileRef = FCCC3BD01FE021AE00C95569 /* Helper.m */; };
		FCE5CD951FE8A62E00CEEDA6 /* BaseViewController.m in Sources */ = {isa = PBXBuildFile; fileRef = FCE5CD931FE8A62E00CEEDA6 /* BaseViewController.m */; };
		FCE5CD9B1FEA082400CEEDA6 /* UserNotifications.framework in Frameworks */ = {isa = PBXBuildFile; fileRef = FCE5CD9A1FEA081800CEEDA6 /* UserNotifications.framework */; };
		FCE5CD9D1FEA085400CEEDA6 /* AVFoundation.framework in Frameworks */ = {isa = PBXBuildFile; fileRef = FCE5CD9C1FEA084B00CEEDA6 /* AVFoundation.framework */; };
		FCE5CDA41FEA5C7000CEEDA6 /* WeiboSDK.bundle in Resources */ = {isa = PBXBuildFile; fileRef = FCE5CDA01FEA5C6F00CEEDA6 /* WeiboSDK.bundle */; };
		FCE5CDA51FEA5C7000CEEDA6 /* libWeiboSDK.a in Frameworks */ = {isa = PBXBuildFile; fileRef = FCE5CDA11FEA5C6F00CEEDA6 /* libWeiboSDK.a */; };
		FCE5CDA71FEA672D00CEEDA6 /* SystemConfiguration.framework in Frameworks */ = {isa = PBXBuildFile; fileRef = FCE5CDA61FEA672500CEEDA6 /* SystemConfiguration.framework */; };
		FCE5CDA91FEA673500CEEDA6 /* libz.tbd in Frameworks */ = {isa = PBXBuildFile; fileRef = FCE5CDA81FEA673500CEEDA6 /* libz.tbd */; };
		FCE5CDAB1FEA673F00CEEDA6 /* libsqlite3.tbd in Frameworks */ = {isa = PBXBuildFile; fileRef = FCE5CDAA1FEA673F00CEEDA6 /* libsqlite3.tbd */; };
		FCE5CDAD1FEA675300CEEDA6 /* CoreText.framework in Frameworks */ = {isa = PBXBuildFile; fileRef = FCE5CDAC1FEA674A00CEEDA6 /* CoreText.framework */; };
		FCE5CDAF1FEA676500CEEDA6 /* CoreTelephony.framework in Frameworks */ = {isa = PBXBuildFile; fileRef = FCE5CDAE1FEA675C00CEEDA6 /* CoreTelephony.framework */; };
		FCE5CDB11FEA677A00CEEDA6 /* Security.framework in Frameworks */ = {isa = PBXBuildFile; fileRef = FCE5CDB01FEA677400CEEDA6 /* Security.framework */; };
		FCE5CDB31FEA688300CEEDA6 /* Photos.framework in Frameworks */ = {isa = PBXBuildFile; fileRef = FCE5CDB21FEA687C00CEEDA6 /* Photos.framework */; };
		FCE5CDB51FEA689C00CEEDA6 /* ImageIO.framework in Frameworks */ = {isa = PBXBuildFile; fileRef = FCE5CDB41FEA689600CEEDA6 /* ImageIO.framework */; };
		FCE5CDB71FEA68CA00CEEDA6 /* CoreGraphics.framework in Frameworks */ = {isa = PBXBuildFile; fileRef = FCE5CDB61FEA68C300CEEDA6 /* CoreGraphics.framework */; };
		FCE5CDCA1FEAAF7C00CEEDA6 /* EBBannerView.m in Sources */ = {isa = PBXBuildFile; fileRef = FCE5CDBE1FEAAF7C00CEEDA6 /* EBBannerView.m */; };
		FCE5CDCB1FEAAF7C00CEEDA6 /* EBBannerViewMaker.m in Sources */ = {isa = PBXBuildFile; fileRef = FCE5CDC01FEAAF7C00CEEDA6 /* EBBannerViewMaker.m */; };
		FCE5CDCC1FEAAF7C00CEEDA6 /* EBBannerView.xib in Resources */ = {isa = PBXBuildFile; fileRef = FCE5CDC11FEAAF7C00CEEDA6 /* EBBannerView.xib */; };
		FCE5CDCD1FEAAF7C00CEEDA6 /* EBBannerViewController.xib in Resources */ = {isa = PBXBuildFile; fileRef = FCE5CDC21FEAAF7C00CEEDA6 /* EBBannerViewController.xib */; };
		FCE5CDCE1FEAAF7C00CEEDA6 /* EBBannerWindow.m in Sources */ = {isa = PBXBuildFile; fileRef = FCE5CDC31FEAAF7C00CEEDA6 /* EBBannerWindow.m */; };
		FCE5CDCF1FEAAF7C00CEEDA6 /* EBCustomBannerView.m in Sources */ = {isa = PBXBuildFile; fileRef = FCE5CDC41FEAAF7C00CEEDA6 /* EBCustomBannerView.m */; };
		FCE5CDD01FEAAF7C00CEEDA6 /* EBMuteDetector.m in Sources */ = {isa = PBXBuildFile; fileRef = FCE5CDC51FEAAF7C00CEEDA6 /* EBMuteDetector.m */; };
		FCE5CDD11FEAAF7C00CEEDA6 /* EBBannerView+Categories.m in Sources */ = {isa = PBXBuildFile; fileRef = FCE5CDC61FEAAF7C00CEEDA6 /* EBBannerView+Categories.m */; };
		FCE5CDD21FEAAF7C00CEEDA6 /* EBMuteDetector.mp3 in Resources */ = {isa = PBXBuildFile; fileRef = FCE5CDC71FEAAF7C00CEEDA6 /* EBMuteDetector.mp3 */; };
		FCE5CDD31FEAAF7C00CEEDA6 /* EBBannerViewController.m in Sources */ = {isa = PBXBuildFile; fileRef = FCE5CDC81FEAAF7C00CEEDA6 /* EBBannerViewController.m */; };
		FCE5CDD91FEAAFD100CEEDA6 /* MBProgressHUD.m in Sources */ = {isa = PBXBuildFile; fileRef = FCE5CDD51FEAAFD100CEEDA6 /* MBProgressHUD.m */; };
		FCE5CDDA1FEAAFD100CEEDA6 /* HDHud.m in Sources */ = {isa = PBXBuildFile; fileRef = FCE5CDD81FEAAFD100CEEDA6 /* HDHud.m */; };
		FCE5CDEE1FEB537000CEEDA6 /* myPhotoCell.m in Sources */ = {isa = PBXBuildFile; fileRef = FCE5CDDF1FEB537000CEEDA6 /* myPhotoCell.m */; };
		FCE5CDEF1FEB537000CEEDA6 /* WPhotoViewController.m in Sources */ = {isa = PBXBuildFile; fileRef = FCE5CDE01FEB537000CEEDA6 /* WPhotoViewController.m */; };
		FCE5CDF01FEB537000CEEDA6 /* NavView.m in Sources */ = {isa = PBXBuildFile; fileRef = FCE5CDE11FEB537000CEEDA6 /* NavView.m */; };
		FCE5CDF11FEB537000CEEDA6 /* wphoto_select_no@2x.png in Resources */ = {isa = PBXBuildFile; fileRef = FCE5CDE31FEB537000CEEDA6 /* wphoto_select_no@2x.png */; };
		FCE5CDF21FEB537000CEEDA6 /* wphoto_select_yes@2x.png in Resources */ = {isa = PBXBuildFile; fileRef = FCE5CDE41FEB537000CEEDA6 /* wphoto_select_yes@2x.png */; };
		FCE5CDF31FEB537000CEEDA6 /* wphoto_back@2x.png in Resources */ = {isa = PBXBuildFile; fileRef = FCE5CDE51FEB537000CEEDA6 /* wphoto_back@2x.png */; };
		FCE5CDF41FEB537000CEEDA6 /* WPFunctionView.m in Sources */ = {isa = PBXBuildFile; fileRef = FCE5CDEC1FEB537000CEEDA6 /* WPFunctionView.m */; };
		FCE5CDF51FEB537000CEEDA6 /* UIImage+fixOrientation.m in Sources */ = {isa = PBXBuildFile; fileRef = FCE5CDED1FEB537000CEEDA6 /* UIImage+fixOrientation.m */; };
		FCE5CED91FEBC50000CEEDA6 /* ZQWebVCSingleton.m in Sources */ = {isa = PBXBuildFile; fileRef = FCE5CED81FEBC50000CEEDA6 /* ZQWebVCSingleton.m */; };
		FCE5CEDC1FEF488100CEEDA6 /* ZQUIWebViewController.m in Sources */ = {isa = PBXBuildFile; fileRef = FCE5CEDB1FEF488100CEEDA6 /* ZQUIWebViewController.m */; };
		FCE5CEDF1FEF521600CEEDA6 /* h5_bridge.js in Resources */ = {isa = PBXBuildFile; fileRef = FCE5CEDD1FEF521600CEEDA6 /* h5_bridge.js */; };
		FCE5CEE41FEF58F200CEEDA6 /* h5.zip in Resources */ = {isa = PBXBuildFile; fileRef = FCE5CEE31FEF58F200CEEDA6 /* h5.zip */; };
/* End PBXBuildFile section */

/* Begin PBXContainerItemProxy section */
		75A224711FDF8CF7005E28B2 /* PBXContainerItemProxy */ = {
			isa = PBXContainerItemProxy;
			containerPortal = 75A224501FDF8CF5005E28B2 /* Project object */;
			proxyType = 1;
			remoteGlobalIDString = 75A224571FDF8CF5005E28B2;
			remoteInfo = ZQuanProject;
		};
		75A2247C1FDF8CF7005E28B2 /* PBXContainerItemProxy */ = {
			isa = PBXContainerItemProxy;
			containerPortal = 75A224501FDF8CF5005E28B2 /* Project object */;
			proxyType = 1;
			remoteGlobalIDString = 75A224571FDF8CF5005E28B2;
			remoteInfo = ZQuanProject;
		};
/* End PBXContainerItemProxy section */

/* Begin PBXFileReference section */
		0E4837EDC55DCF9DA2F5A8A6 /* Pods-ZQuanProject.release.xcconfig */ = {isa = PBXFileReference; includeInIndex = 1; lastKnownFileType = text.xcconfig; name = "Pods-ZQuanProject.release.xcconfig"; path = "Pods/Target Support Files/Pods-ZQuanProject/Pods-ZQuanProject.release.xcconfig"; sourceTree = "<group>"; };
		32E48CC7DE08A9023BDB2986 /* Pods_ZQuanProject.framework */ = {isa = PBXFileReference; explicitFileType = wrapper.framework; includeInIndex = 0; path = Pods_ZQuanProject.framework; sourceTree = BUILT_PRODUCTS_DIR; };
		6082EA1A1FFE0CC00052EB0B /* InfoPlist.strings */ = {isa = PBXFileReference; lastKnownFileType = text.plist.strings; path = InfoPlist.strings; sourceTree = "<group>"; };
		60C4B6E81FF6725400EE8A89 /* LoginPlugin.h */ = {isa = PBXFileReference; lastKnownFileType = sourcecode.c.h; path = LoginPlugin.h; sourceTree = "<group>"; };
		60C4B6E91FF6725400EE8A89 /* LoginPlugin.m */ = {isa = PBXFileReference; lastKnownFileType = sourcecode.c.objc; path = LoginPlugin.m; sourceTree = "<group>"; };
		7519ADB72046A44E00C30B0C /* UnzipManager.h */ = {isa = PBXFileReference; lastKnownFileType = sourcecode.c.h; path = UnzipManager.h; sourceTree = "<group>"; };
		7519ADB82046A44E00C30B0C /* UnzipManager.m */ = {isa = PBXFileReference; lastKnownFileType = sourcecode.c.objc; path = UnzipManager.m; sourceTree = "<group>"; };
		75A224581FDF8CF5005E28B2 /* ZQuanProject.app */ = {isa = PBXFileReference; explicitFileType = wrapper.application; includeInIndex = 0; path = ZQuanProject.app; sourceTree = BUILT_PRODUCTS_DIR; };
		75A2245B1FDF8CF5005E28B2 /* AppDelegate.h */ = {isa = PBXFileReference; lastKnownFileType = sourcecode.c.h; path = AppDelegate.h; sourceTree = "<group>"; };
		75A2245C1FDF8CF5005E28B2 /* AppDelegate.m */ = {isa = PBXFileReference; lastKnownFileType = sourcecode.c.objc; path = AppDelegate.m; sourceTree = "<group>"; };
		75A2245E1FDF8CF5005E28B2 /* ViewController.h */ = {isa = PBXFileReference; lastKnownFileType = sourcecode.c.h; path = ViewController.h; sourceTree = "<group>"; };
		75A2245F1FDF8CF5005E28B2 /* ViewController.m */ = {isa = PBXFileReference; lastKnownFileType = sourcecode.c.objc; path = ViewController.m; sourceTree = "<group>"; };
		75A224621FDF8CF6005E28B2 /* Base */ = {isa = PBXFileReference; lastKnownFileType = file.storyboard; name = Base; path = Base.lproj/Main.storyboard; sourceTree = "<group>"; };
		75A224641FDF8CF6005E28B2 /* Assets.xcassets */ = {isa = PBXFileReference; lastKnownFileType = folder.assetcatalog; path = Assets.xcassets; sourceTree = "<group>"; };
		75A224671FDF8CF6005E28B2 /* Base */ = {isa = PBXFileReference; lastKnownFileType = file.storyboard; name = Base; path = Base.lproj/LaunchScreen.storyboard; sourceTree = "<group>"; };
		75A224691FDF8CF6005E28B2 /* Info.plist */ = {isa = PBXFileReference; lastKnownFileType = text.plist.xml; path = Info.plist; sourceTree = "<group>"; };
		75A2246A1FDF8CF6005E28B2 /* main.m */ = {isa = PBXFileReference; lastKnownFileType = sourcecode.c.objc; path = main.m; sourceTree = "<group>"; };
		75A224701FDF8CF7005E28B2 /* ZQuanProjectTests.xctest */ = {isa = PBXFileReference; explicitFileType = wrapper.cfbundle; includeInIndex = 0; path = ZQuanProjectTests.xctest; sourceTree = BUILT_PRODUCTS_DIR; };
		75A224741FDF8CF7005E28B2 /* ZQuanProjectTests.m */ = {isa = PBXFileReference; lastKnownFileType = sourcecode.c.objc; path = ZQuanProjectTests.m; sourceTree = "<group>"; };
		75A224761FDF8CF7005E28B2 /* Info.plist */ = {isa = PBXFileReference; lastKnownFileType = text.plist.xml; path = Info.plist; sourceTree = "<group>"; };
		75A2247B1FDF8CF7005E28B2 /* ZQuanProjectUITests.xctest */ = {isa = PBXFileReference; explicitFileType = wrapper.cfbundle; includeInIndex = 0; path = ZQuanProjectUITests.xctest; sourceTree = BUILT_PRODUCTS_DIR; };
		75A2247F1FDF8CF7005E28B2 /* ZQuanProjectUITests.m */ = {isa = PBXFileReference; lastKnownFileType = sourcecode.c.objc; path = ZQuanProjectUITests.m; sourceTree = "<group>"; };
		75A224811FDF8CF7005E28B2 /* Info.plist */ = {isa = PBXFileReference; lastKnownFileType = text.plist.xml; path = Info.plist; sourceTree = "<group>"; };
		75A224991FDF9781005E28B2 /* UIView+Additional.m */ = {isa = PBXFileReference; fileEncoding = 4; lastKnownFileType = sourcecode.c.objc; path = "UIView+Additional.m"; sourceTree = "<group>"; };
		75A2249A1FDF9781005E28B2 /* UIView+Additional.h */ = {isa = PBXFileReference; fileEncoding = 4; lastKnownFileType = sourcecode.c.h; path = "UIView+Additional.h"; sourceTree = "<group>"; };
		75A2249F1FDF98C1005E28B2 /* ZQLaunchViewController.h */ = {isa = PBXFileReference; lastKnownFileType = sourcecode.c.h; path = ZQLaunchViewController.h; sourceTree = "<group>"; };
		75A224A01FDF98C1005E28B2 /* ZQLaunchViewController.m */ = {isa = PBXFileReference; lastKnownFileType = sourcecode.c.objc; path = ZQLaunchViewController.m; sourceTree = "<group>"; };
		75A224B51FDFA176005E28B2 /* Macros.h */ = {isa = PBXFileReference; fileEncoding = 4; lastKnownFileType = sourcecode.c.h; path = Macros.h; sourceTree = "<group>"; };
		75A224B61FDFA33C005E28B2 /* ZQuanProject-Prefix.pch */ = {isa = PBXFileReference; lastKnownFileType = sourcecode.c.h; path = "ZQuanProject-Prefix.pch"; sourceTree = "<group>"; };
		75C527FB1FE13C1A000230DD /* Helper+Cache.h */ = {isa = PBXFileReference; fileEncoding = 4; lastKnownFileType = sourcecode.c.h; path = "Helper+Cache.h"; sourceTree = "<group>"; };
		75C527FC1FE13C1A000230DD /* Helper+Cache.m */ = {isa = PBXFileReference; fileEncoding = 4; lastKnownFileType = sourcecode.c.objc; path = "Helper+Cache.m"; sourceTree = "<group>"; };
		75C527FE1FE14078000230DD /* APPConfig.h */ = {isa = PBXFileReference; lastKnownFileType = sourcecode.c.h; path = APPConfig.h; sourceTree = "<group>"; };
		75C528021FE148AC000230DD /* GradientProgressView.h */ = {isa = PBXFileReference; fileEncoding = 4; lastKnownFileType = sourcecode.c.h; path = GradientProgressView.h; sourceTree = "<group>"; };
		75C528031FE148AC000230DD /* GradientProgressView.m */ = {isa = PBXFileReference; fileEncoding = 4; lastKnownFileType = sourcecode.c.objc; path = GradientProgressView.m; sourceTree = "<group>"; };
		75E80A85204924D400667839 /* JZNetObserver.m */ = {isa = PBXFileReference; fileEncoding = 4; lastKnownFileType = sourcecode.c.objc; path = JZNetObserver.m; sourceTree = "<group>"; };
		75E80A86204924D400667839 /* JZNetTool.m */ = {isa = PBXFileReference; fileEncoding = 4; lastKnownFileType = sourcecode.c.objc; path = JZNetTool.m; sourceTree = "<group>"; };
		75E80A87204924D500667839 /* JZNetTool.h */ = {isa = PBXFileReference; fileEncoding = 4; lastKnownFileType = sourcecode.c.h; path = JZNetTool.h; sourceTree = "<group>"; };
		75E80A88204924D500667839 /* JZNetObserver.h */ = {isa = PBXFileReference; fileEncoding = 4; lastKnownFileType = sourcecode.c.h; path = JZNetObserver.h; sourceTree = "<group>"; };
		D87718ED34AD97DD04350730 /* Pods-ZQuanProject.debug.xcconfig */ = {isa = PBXFileReference; includeInIndex = 1; lastKnownFileType = text.xcconfig; name = "Pods-ZQuanProject.debug.xcconfig"; path = "Pods/Target Support Files/Pods-ZQuanProject/Pods-ZQuanProject.debug.xcconfig"; sourceTree = "<group>"; };
		FC13F9831FE60CD10009499E /* NSURLProtocol+WebKitSupport.m */ = {isa = PBXFileReference; fileEncoding = 4; lastKnownFileType = sourcecode.c.objc; path = "NSURLProtocol+WebKitSupport.m"; sourceTree = "<group>"; };
		FC13F9841FE60CD10009499E /* WebNSURLProtocol.h */ = {isa = PBXFileReference; fileEncoding = 4; lastKnownFileType = sourcecode.c.h; path = WebNSURLProtocol.h; sourceTree = "<group>"; };
		FC13F9851FE60CD10009499E /* NSURLProtocol+WebKitSupport.h */ = {isa = PBXFileReference; fileEncoding = 4; lastKnownFileType = sourcecode.c.h; path = "NSURLProtocol+WebKitSupport.h"; sourceTree = "<group>"; };
		FC13F9861FE60CD10009499E /* WebNSURLProtocol.m */ = {isa = PBXFileReference; fileEncoding = 4; lastKnownFileType = sourcecode.c.objc; path = WebNSURLProtocol.m; sourceTree = "<group>"; };
		FC13F9891FE61A7B0009499E /* H5Plugin.h */ = {isa = PBXFileReference; lastKnownFileType = sourcecode.c.h; path = H5Plugin.h; sourceTree = "<group>"; };
		FC13F98A1FE61A7B0009499E /* H5Plugin.m */ = {isa = PBXFileReference; lastKnownFileType = sourcecode.c.objc; path = H5Plugin.m; sourceTree = "<group>"; };
		FC13F9901FE61F870009499E /* BackPlugin.h */ = {isa = PBXFileReference; lastKnownFileType = sourcecode.c.h; path = BackPlugin.h; sourceTree = "<group>"; };
		FC13F9911FE61F870009499E /* BackPlugin.m */ = {isa = PBXFileReference; lastKnownFileType = sourcecode.c.objc; path = BackPlugin.m; sourceTree = "<group>"; };
		FC13F9AB1FE7726D0009499E /* H5EventDispatcher.h */ = {isa = PBXFileReference; lastKnownFileType = sourcecode.c.h; path = H5EventDispatcher.h; sourceTree = "<group>"; };
		FC13F9AC1FE7726D0009499E /* H5EventDispatcher.m */ = {isa = PBXFileReference; lastKnownFileType = sourcecode.c.objc; path = H5EventDispatcher.m; sourceTree = "<group>"; };
		FC13F9AE1FE77C6F0009499E /* AlbumPlugin.h */ = {isa = PBXFileReference; lastKnownFileType = sourcecode.c.h; path = AlbumPlugin.h; sourceTree = "<group>"; };
		FC13F9AF1FE77C6F0009499E /* AlbumPlugin.m */ = {isa = PBXFileReference; lastKnownFileType = sourcecode.c.objc; path = AlbumPlugin.m; sourceTree = "<group>"; };
		FC13F9B11FE77C880009499E /* AlertPlugin.h */ = {isa = PBXFileReference; lastKnownFileType = sourcecode.c.h; path = AlertPlugin.h; sourceTree = "<group>"; };
		FC13F9B21FE77C880009499E /* AlertPlugin.m */ = {isa = PBXFileReference; lastKnownFileType = sourcecode.c.objc; path = AlertPlugin.m; sourceTree = "<group>"; };
		FC13F9B41FE77C9F0009499E /* ConfirmPlugin.h */ = {isa = PBXFileReference; lastKnownFileType = sourcecode.c.h; path = ConfirmPlugin.h; sourceTree = "<group>"; };
		FC13F9B51FE77C9F0009499E /* ConfirmPlugin.m */ = {isa = PBXFileReference; lastKnownFileType = sourcecode.c.objc; path = ConfirmPlugin.m; sourceTree = "<group>"; };
		FC13F9B71FE77CC30009499E /* DownloadPlugin.h */ = {isa = PBXFileReference; lastKnownFileType = sourcecode.c.h; path = DownloadPlugin.h; sourceTree = "<group>"; };
		FC13F9B81FE77CC30009499E /* DownloadPlugin.m */ = {isa = PBXFileReference; lastKnownFileType = sourcecode.c.objc; path = DownloadPlugin.m; sourceTree = "<group>"; };
		FC13F9BA1FE77CD80009499E /* GetPreferencePlugin.h */ = {isa = PBXFileReference; lastKnownFileType = sourcecode.c.h; path = GetPreferencePlugin.h; sourceTree = "<group>"; };
		FC13F9BB1FE77CD80009499E /* GetPreferencePlugin.m */ = {isa = PBXFileReference; lastKnownFileType = sourcecode.c.objc; path = GetPreferencePlugin.m; sourceTree = "<group>"; };
		FC13F9BD1FE77CEB0009499E /* HideBackButtonPlugin.h */ = {isa = PBXFileReference; lastKnownFileType = sourcecode.c.h; path = HideBackButtonPlugin.h; sourceTree = "<group>"; };
		FC13F9BE1FE77CEB0009499E /* HideBackButtonPlugin.m */ = {isa = PBXFileReference; lastKnownFileType = sourcecode.c.objc; path = HideBackButtonPlugin.m; sourceTree = "<group>"; };
		FC13F9C01FE77CFE0009499E /* HideLoadingPlugin.h */ = {isa = PBXFileReference; lastKnownFileType = sourcecode.c.h; path = HideLoadingPlugin.h; sourceTree = "<group>"; };
		FC13F9C11FE77CFE0009499E /* HideLoadingPlugin.m */ = {isa = PBXFileReference; lastKnownFileType = sourcecode.c.objc; path = HideLoadingPlugin.m; sourceTree = "<group>"; };
		FC13F9C61FE77D3A0009499E /* LoginOutPlugin.h */ = {isa = PBXFileReference; lastKnownFileType = sourcecode.c.h; path = LoginOutPlugin.h; sourceTree = "<group>"; };
		FC13F9C71FE77D3A0009499E /* LoginOutPlugin.m */ = {isa = PBXFileReference; lastKnownFileType = sourcecode.c.objc; path = LoginOutPlugin.m; sourceTree = "<group>"; };
		FC13F9C91FE77D4E0009499E /* LoginWeiboPlugin.h */ = {isa = PBXFileReference; lastKnownFileType = sourcecode.c.h; path = LoginWeiboPlugin.h; sourceTree = "<group>"; };
		FC13F9CA1FE77D4E0009499E /* LoginWeiboPlugin.m */ = {isa = PBXFileReference; lastKnownFileType = sourcecode.c.objc; path = LoginWeiboPlugin.m; sourceTree = "<group>"; };
		FC13F9CC1FE77D5F0009499E /* MoveTaskToBackPlugin.h */ = {isa = PBXFileReference; lastKnownFileType = sourcecode.c.h; path = MoveTaskToBackPlugin.h; sourceTree = "<group>"; };
		FC13F9CD1FE77D5F0009499E /* MoveTaskToBackPlugin.m */ = {isa = PBXFileReference; lastKnownFileType = sourcecode.c.objc; path = MoveTaskToBackPlugin.m; sourceTree = "<group>"; };
		FC13F9CF1FE77D710009499E /* NetworkInfoPlugin.h */ = {isa = PBXFileReference; lastKnownFileType = sourcecode.c.h; path = NetworkInfoPlugin.h; sourceTree = "<group>"; };
		FC13F9D01FE77D710009499E /* NetworkInfoPlugin.m */ = {isa = PBXFileReference; lastKnownFileType = sourcecode.c.objc; path = NetworkInfoPlugin.m; sourceTree = "<group>"; };
		FC13F9D21FE77D880009499E /* NotifyPlugin.h */ = {isa = PBXFileReference; lastKnownFileType = sourcecode.c.h; path = NotifyPlugin.h; sourceTree = "<group>"; };
		FC13F9D31FE77D880009499E /* NotifyPlugin.m */ = {isa = PBXFileReference; lastKnownFileType = sourcecode.c.objc; path = NotifyPlugin.m; sourceTree = "<group>"; };
		FC13F9D51FE77D990009499E /* OpenUriPlugin.h */ = {isa = PBXFileReference; lastKnownFileType = sourcecode.c.h; path = OpenUriPlugin.h; sourceTree = "<group>"; };
		FC13F9D61FE77D990009499E /* OpenUriPlugin.m */ = {isa = PBXFileReference; lastKnownFileType = sourcecode.c.objc; path = OpenUriPlugin.m; sourceTree = "<group>"; };
		FC13F9D81FE77DB10009499E /* PopWindowPlugin.h */ = {isa = PBXFileReference; lastKnownFileType = sourcecode.c.h; path = PopWindowPlugin.h; sourceTree = "<group>"; };
		FC13F9D91FE77DB10009499E /* PopWindowPlugin.m */ = {isa = PBXFileReference; lastKnownFileType = sourcecode.c.objc; path = PopWindowPlugin.m; sourceTree = "<group>"; };
		FC13F9DB1FE77DC40009499E /* PromptPlugin.h */ = {isa = PBXFileReference; lastKnownFileType = sourcecode.c.h; path = PromptPlugin.h; sourceTree = "<group>"; };
		FC13F9DC1FE77DC40009499E /* PromptPlugin.m */ = {isa = PBXFileReference; lastKnownFileType = sourcecode.c.objc; path = PromptPlugin.m; sourceTree = "<group>"; };
		FC13F9DE1FE77DDF0009499E /* PushWindowPlugin.h */ = {isa = PBXFileReference; lastKnownFileType = sourcecode.c.h; path = PushWindowPlugin.h; sourceTree = "<group>"; };
		FC13F9DF1FE77DDF0009499E /* PushWindowPlugin.m */ = {isa = PBXFileReference; lastKnownFileType = sourcecode.c.objc; path = PushWindowPlugin.m; sourceTree = "<group>"; };
		FC13F9E11FE77DF10009499E /* RefreshPlugin.h */ = {isa = PBXFileReference; lastKnownFileType = sourcecode.c.h; path = RefreshPlugin.h; sourceTree = "<group>"; };
		FC13F9E21FE77DF10009499E /* RefreshPlugin.m */ = {isa = PBXFileReference; lastKnownFileType = sourcecode.c.objc; path = RefreshPlugin.m; sourceTree = "<group>"; };
		FC13F9E41FE77E0A0009499E /* RefreshStatePlugin.h */ = {isa = PBXFileReference; lastKnownFileType = sourcecode.c.h; path = RefreshStatePlugin.h; sourceTree = "<group>"; };
		FC13F9E51FE77E0A0009499E /* RefreshStatePlugin.m */ = {isa = PBXFileReference; lastKnownFileType = sourcecode.c.objc; path = RefreshStatePlugin.m; sourceTree = "<group>"; };
		FC13F9EA1FE77E360009499E /* SetOptionMenuPlugin.h */ = {isa = PBXFileReference; lastKnownFileType = sourcecode.c.h; path = SetOptionMenuPlugin.h; sourceTree = "<group>"; };
		FC13F9EB1FE77E360009499E /* SetOptionMenuPlugin.m */ = {isa = PBXFileReference; lastKnownFileType = sourcecode.c.objc; path = SetOptionMenuPlugin.m; sourceTree = "<group>"; };
		FC13F9F01FE77E570009499E /* SetSubTitlePlugin.h */ = {isa = PBXFileReference; lastKnownFileType = sourcecode.c.h; path = SetSubTitlePlugin.h; sourceTree = "<group>"; };
		FC13F9F11FE77E570009499E /* SetSubTitlePlugin.m */ = {isa = PBXFileReference; lastKnownFileType = sourcecode.c.objc; path = SetSubTitlePlugin.m; sourceTree = "<group>"; };
		FC13F9F31FE77E690009499E /* SetTitleBgColorPlugin.h */ = {isa = PBXFileReference; lastKnownFileType = sourcecode.c.h; path = SetTitleBgColorPlugin.h; sourceTree = "<group>"; };
		FC13F9F41FE77E690009499E /* SetTitleBgColorPlugin.m */ = {isa = PBXFileReference; lastKnownFileType = sourcecode.c.objc; path = SetTitleBgColorPlugin.m; sourceTree = "<group>"; };
		FC13F9F61FE77E7C0009499E /* SetTitlePlugin.h */ = {isa = PBXFileReference; lastKnownFileType = sourcecode.c.h; path = SetTitlePlugin.h; sourceTree = "<group>"; };
		FC13F9F71FE77E7C0009499E /* SetTitlePlugin.m */ = {isa = PBXFileReference; lastKnownFileType = sourcecode.c.objc; path = SetTitlePlugin.m; sourceTree = "<group>"; };
		FC13F9F91FE77E910009499E /* ShowBackButtonPlugin.h */ = {isa = PBXFileReference; lastKnownFileType = sourcecode.c.h; path = ShowBackButtonPlugin.h; sourceTree = "<group>"; };
		FC13F9FA1FE77E910009499E /* ShowBackButtonPlugin.m */ = {isa = PBXFileReference; lastKnownFileType = sourcecode.c.objc; path = ShowBackButtonPlugin.m; sourceTree = "<group>"; };
		FC13F9FC1FE77EA00009499E /* ShowLoadingPlugin.h */ = {isa = PBXFileReference; lastKnownFileType = sourcecode.c.h; path = ShowLoadingPlugin.h; sourceTree = "<group>"; };
		FC13F9FD1FE77EA00009499E /* ShowLoadingPlugin.m */ = {isa = PBXFileReference; lastKnownFileType = sourcecode.c.objc; path = ShowLoadingPlugin.m; sourceTree = "<group>"; };
		FC13FA021FE77EC50009499E /* ToastPlugin.h */ = {isa = PBXFileReference; lastKnownFileType = sourcecode.c.h; path = ToastPlugin.h; sourceTree = "<group>"; };
		FC13FA031FE77EC50009499E /* ToastPlugin.m */ = {isa = PBXFileReference; lastKnownFileType = sourcecode.c.objc; path = ToastPlugin.m; sourceTree = "<group>"; };
		FC13FA051FE77EDC0009499E /* WeiboLoginPlugin.h */ = {isa = PBXFileReference; lastKnownFileType = sourcecode.c.h; path = WeiboLoginPlugin.h; sourceTree = "<group>"; };
		FC13FA061FE77EDC0009499E /* WeiboLoginPlugin.m */ = {isa = PBXFileReference; lastKnownFileType = sourcecode.c.objc; path = WeiboLoginPlugin.m; sourceTree = "<group>"; };
		FC13FA081FE790770009499E /* SetPreferencePlugin.h */ = {isa = PBXFileReference; lastKnownFileType = sourcecode.c.h; path = SetPreferencePlugin.h; sourceTree = "<group>"; };
		FC13FA091FE790770009499E /* SetPreferencePlugin.m */ = {isa = PBXFileReference; lastKnownFileType = sourcecode.c.objc; path = SetPreferencePlugin.m; sourceTree = "<group>"; };
		FC974D2F20286B0A009A0271 /* SetCachePlugin.h */ = {isa = PBXFileReference; lastKnownFileType = sourcecode.c.h; path = SetCachePlugin.h; sourceTree = "<group>"; };
		FC974D3020286B0A009A0271 /* SetCachePlugin.m */ = {isa = PBXFileReference; lastKnownFileType = sourcecode.c.objc; path = SetCachePlugin.m; sourceTree = "<group>"; };
		FC974D3220286B2F009A0271 /* GetCachePlugin.h */ = {isa = PBXFileReference; lastKnownFileType = sourcecode.c.h; path = GetCachePlugin.h; sourceTree = "<group>"; };
		FC974D3320286B2F009A0271 /* GetCachePlugin.m */ = {isa = PBXFileReference; lastKnownFileType = sourcecode.c.objc; path = GetCachePlugin.m; sourceTree = "<group>"; };
		FCBEE0E7202320040087D927 /* ZQLayoutModel.h */ = {isa = PBXFileReference; lastKnownFileType = sourcecode.c.h; path = ZQLayoutModel.h; sourceTree = "<group>"; };
		FCBEE0E8202320040087D927 /* ZQLayoutModel.m */ = {isa = PBXFileReference; lastKnownFileType = sourcecode.c.objc; path = ZQLayoutModel.m; sourceTree = "<group>"; };
		FCCC3BCF1FE021AE00C95569 /* Helper.h */ = {isa = PBXFileReference; lastKnownFileType = sourcecode.c.h; path = Helper.h; sourceTree = "<group>"; };
		FCCC3BD01FE021AE00C95569 /* Helper.m */ = {isa = PBXFileReference; lastKnownFileType = sourcecode.c.objc; path = Helper.m; sourceTree = "<group>"; };
		FCE5CD931FE8A62E00CEEDA6 /* BaseViewController.m */ = {isa = PBXFileReference; fileEncoding = 4; lastKnownFileType = sourcecode.c.objc; path = BaseViewController.m; sourceTree = "<group>"; };
		FCE5CD941FE8A62E00CEEDA6 /* BaseViewController.h */ = {isa = PBXFileReference; fileEncoding = 4; lastKnownFileType = sourcecode.c.h; path = BaseViewController.h; sourceTree = "<group>"; };
		FCE5CD991FE9335200CEEDA6 /* ZQuanProject.entitlements */ = {isa = PBXFileReference; lastKnownFileType = text.plist.entitlements; path = ZQuanProject.entitlements; sourceTree = "<group>"; };
		FCE5CD9A1FEA081800CEEDA6 /* UserNotifications.framework */ = {isa = PBXFileReference; lastKnownFileType = wrapper.framework; name = UserNotifications.framework; path = System/Library/Frameworks/UserNotifications.framework; sourceTree = SDKROOT; };
		FCE5CD9C1FEA084B00CEEDA6 /* AVFoundation.framework */ = {isa = PBXFileReference; lastKnownFileType = wrapper.framework; name = AVFoundation.framework; path = System/Library/Frameworks/AVFoundation.framework; sourceTree = SDKROOT; };
		FCE5CDA01FEA5C6F00CEEDA6 /* WeiboSDK.bundle */ = {isa = PBXFileReference; lastKnownFileType = "wrapper.plug-in"; path = WeiboSDK.bundle; sourceTree = "<group>"; };
		FCE5CDA11FEA5C6F00CEEDA6 /* libWeiboSDK.a */ = {isa = PBXFileReference; lastKnownFileType = archive.ar; path = libWeiboSDK.a; sourceTree = "<group>"; };
		FCE5CDA21FEA5C6F00CEEDA6 /* WBHttpRequest.h */ = {isa = PBXFileReference; fileEncoding = 4; lastKnownFileType = sourcecode.c.h; path = WBHttpRequest.h; sourceTree = "<group>"; };
		FCE5CDA31FEA5C6F00CEEDA6 /* WeiboSDK.h */ = {isa = PBXFileReference; fileEncoding = 4; lastKnownFileType = sourcecode.c.h; path = WeiboSDK.h; sourceTree = "<group>"; };
		FCE5CDA61FEA672500CEEDA6 /* SystemConfiguration.framework */ = {isa = PBXFileReference; lastKnownFileType = wrapper.framework; name = SystemConfiguration.framework; path = System/Library/Frameworks/SystemConfiguration.framework; sourceTree = SDKROOT; };
		FCE5CDA81FEA673500CEEDA6 /* libz.tbd */ = {isa = PBXFileReference; lastKnownFileType = "sourcecode.text-based-dylib-definition"; name = libz.tbd; path = usr/lib/libz.tbd; sourceTree = SDKROOT; };
		FCE5CDAA1FEA673F00CEEDA6 /* libsqlite3.tbd */ = {isa = PBXFileReference; lastKnownFileType = "sourcecode.text-based-dylib-definition"; name = libsqlite3.tbd; path = usr/lib/libsqlite3.tbd; sourceTree = SDKROOT; };
		FCE5CDAC1FEA674A00CEEDA6 /* CoreText.framework */ = {isa = PBXFileReference; lastKnownFileType = wrapper.framework; name = CoreText.framework; path = System/Library/Frameworks/CoreText.framework; sourceTree = SDKROOT; };
		FCE5CDAE1FEA675C00CEEDA6 /* CoreTelephony.framework */ = {isa = PBXFileReference; lastKnownFileType = wrapper.framework; name = CoreTelephony.framework; path = System/Library/Frameworks/CoreTelephony.framework; sourceTree = SDKROOT; };
		FCE5CDB01FEA677400CEEDA6 /* Security.framework */ = {isa = PBXFileReference; lastKnownFileType = wrapper.framework; name = Security.framework; path = System/Library/Frameworks/Security.framework; sourceTree = SDKROOT; };
		FCE5CDB21FEA687C00CEEDA6 /* Photos.framework */ = {isa = PBXFileReference; lastKnownFileType = wrapper.framework; name = Photos.framework; path = System/Library/Frameworks/Photos.framework; sourceTree = SDKROOT; };
		FCE5CDB41FEA689600CEEDA6 /* ImageIO.framework */ = {isa = PBXFileReference; lastKnownFileType = wrapper.framework; name = ImageIO.framework; path = System/Library/Frameworks/ImageIO.framework; sourceTree = SDKROOT; };
		FCE5CDB61FEA68C300CEEDA6 /* CoreGraphics.framework */ = {isa = PBXFileReference; lastKnownFileType = wrapper.framework; name = CoreGraphics.framework; path = System/Library/Frameworks/CoreGraphics.framework; sourceTree = SDKROOT; };
		FCE5CDB91FEAAF7C00CEEDA6 /* EBCustomBannerView.h */ = {isa = PBXFileReference; fileEncoding = 4; lastKnownFileType = sourcecode.c.h; path = EBCustomBannerView.h; sourceTree = "<group>"; };
		FCE5CDBB1FEAAF7C00CEEDA6 /* EBMuteDetector.h */ = {isa = PBXFileReference; fileEncoding = 4; lastKnownFileType = sourcecode.c.h; path = EBMuteDetector.h; sourceTree = "<group>"; };
		FCE5CDBC1FEAAF7C00CEEDA6 /* EBBannerWindow.h */ = {isa = PBXFileReference; fileEncoding = 4; lastKnownFileType = sourcecode.c.h; path = EBBannerWindow.h; sourceTree = "<group>"; };
		FCE5CDBD1FEAAF7C00CEEDA6 /* EBBannerView+Categories.h */ = {isa = PBXFileReference; fileEncoding = 4; lastKnownFileType = sourcecode.c.h; path = "EBBannerView+Categories.h"; sourceTree = "<group>"; };
		FCE5CDBE1FEAAF7C00CEEDA6 /* EBBannerView.m */ = {isa = PBXFileReference; fileEncoding = 4; lastKnownFileType = sourcecode.c.objc; path = EBBannerView.m; sourceTree = "<group>"; };
		FCE5CDBF1FEAAF7C00CEEDA6 /* EBBannerViewController.h */ = {isa = PBXFileReference; fileEncoding = 4; lastKnownFileType = sourcecode.c.h; path = EBBannerViewController.h; sourceTree = "<group>"; };
		FCE5CDC01FEAAF7C00CEEDA6 /* EBBannerViewMaker.m */ = {isa = PBXFileReference; fileEncoding = 4; lastKnownFileType = sourcecode.c.objc; path = EBBannerViewMaker.m; sourceTree = "<group>"; };
		FCE5CDC11FEAAF7C00CEEDA6 /* EBBannerView.xib */ = {isa = PBXFileReference; fileEncoding = 4; lastKnownFileType = file.xib; path = EBBannerView.xib; sourceTree = "<group>"; };
		FCE5CDC21FEAAF7C00CEEDA6 /* EBBannerViewController.xib */ = {isa = PBXFileReference; fileEncoding = 4; lastKnownFileType = file.xib; path = EBBannerViewController.xib; sourceTree = "<group>"; };
		FCE5CDC31FEAAF7C00CEEDA6 /* EBBannerWindow.m */ = {isa = PBXFileReference; fileEncoding = 4; lastKnownFileType = sourcecode.c.objc; path = EBBannerWindow.m; sourceTree = "<group>"; };
		FCE5CDC41FEAAF7C00CEEDA6 /* EBCustomBannerView.m */ = {isa = PBXFileReference; fileEncoding = 4; lastKnownFileType = sourcecode.c.objc; path = EBCustomBannerView.m; sourceTree = "<group>"; };
		FCE5CDC51FEAAF7C00CEEDA6 /* EBMuteDetector.m */ = {isa = PBXFileReference; fileEncoding = 4; lastKnownFileType = sourcecode.c.objc; path = EBMuteDetector.m; sourceTree = "<group>"; };
		FCE5CDC61FEAAF7C00CEEDA6 /* EBBannerView+Categories.m */ = {isa = PBXFileReference; fileEncoding = 4; lastKnownFileType = sourcecode.c.objc; path = "EBBannerView+Categories.m"; sourceTree = "<group>"; };
		FCE5CDC71FEAAF7C00CEEDA6 /* EBMuteDetector.mp3 */ = {isa = PBXFileReference; lastKnownFileType = audio.mp3; path = EBMuteDetector.mp3; sourceTree = "<group>"; };
		FCE5CDC81FEAAF7C00CEEDA6 /* EBBannerViewController.m */ = {isa = PBXFileReference; fileEncoding = 4; lastKnownFileType = sourcecode.c.objc; path = EBBannerViewController.m; sourceTree = "<group>"; };
		FCE5CDC91FEAAF7C00CEEDA6 /* EBBannerView.h */ = {isa = PBXFileReference; fileEncoding = 4; lastKnownFileType = sourcecode.c.h; path = EBBannerView.h; sourceTree = "<group>"; };
		FCE5CDD51FEAAFD100CEEDA6 /* MBProgressHUD.m */ = {isa = PBXFileReference; fileEncoding = 4; lastKnownFileType = sourcecode.c.objc; path = MBProgressHUD.m; sourceTree = "<group>"; };
		FCE5CDD61FEAAFD100CEEDA6 /* HDHud.h */ = {isa = PBXFileReference; fileEncoding = 4; lastKnownFileType = sourcecode.c.h; path = HDHud.h; sourceTree = "<group>"; };
		FCE5CDD71FEAAFD100CEEDA6 /* MBProgressHUD.h */ = {isa = PBXFileReference; fileEncoding = 4; lastKnownFileType = sourcecode.c.h; path = MBProgressHUD.h; sourceTree = "<group>"; };
		FCE5CDD81FEAAFD100CEEDA6 /* HDHud.m */ = {isa = PBXFileReference; fileEncoding = 4; lastKnownFileType = sourcecode.c.objc; path = HDHud.m; sourceTree = "<group>"; };
		FCE5CDDF1FEB537000CEEDA6 /* myPhotoCell.m */ = {isa = PBXFileReference; fileEncoding = 4; lastKnownFileType = sourcecode.c.objc; path = myPhotoCell.m; sourceTree = "<group>"; };
		FCE5CDE01FEB537000CEEDA6 /* WPhotoViewController.m */ = {isa = PBXFileReference; fileEncoding = 4; lastKnownFileType = sourcecode.c.objc; path = WPhotoViewController.m; sourceTree = "<group>"; };
		FCE5CDE11FEB537000CEEDA6 /* NavView.m */ = {isa = PBXFileReference; fileEncoding = 4; lastKnownFileType = sourcecode.c.objc; path = NavView.m; sourceTree = "<group>"; };
		FCE5CDE31FEB537000CEEDA6 /* wphoto_select_no@2x.png */ = {isa = PBXFileReference; lastKnownFileType = image.png; path = "wphoto_select_no@2x.png"; sourceTree = "<group>"; };
		FCE5CDE41FEB537000CEEDA6 /* wphoto_select_yes@2x.png */ = {isa = PBXFileReference; lastKnownFileType = image.png; path = "wphoto_select_yes@2x.png"; sourceTree = "<group>"; };
		FCE5CDE51FEB537000CEEDA6 /* wphoto_back@2x.png */ = {isa = PBXFileReference; lastKnownFileType = image.png; path = "wphoto_back@2x.png"; sourceTree = "<group>"; };
		FCE5CDE61FEB537000CEEDA6 /* WPFunctionView.h */ = {isa = PBXFileReference; fileEncoding = 4; lastKnownFileType = sourcecode.c.h; path = WPFunctionView.h; sourceTree = "<group>"; };
		FCE5CDE71FEB537000CEEDA6 /* UIImage+fixOrientation.h */ = {isa = PBXFileReference; fileEncoding = 4; lastKnownFileType = sourcecode.c.h; path = "UIImage+fixOrientation.h"; sourceTree = "<group>"; };
		FCE5CDE81FEB537000CEEDA6 /* myPhotoCell.h */ = {isa = PBXFileReference; fileEncoding = 4; lastKnownFileType = sourcecode.c.h; path = myPhotoCell.h; sourceTree = "<group>"; };
		FCE5CDE91FEB537000CEEDA6 /* WPMacros.h */ = {isa = PBXFileReference; fileEncoding = 4; lastKnownFileType = sourcecode.c.h; path = WPMacros.h; sourceTree = "<group>"; };
		FCE5CDEA1FEB537000CEEDA6 /* NavView.h */ = {isa = PBXFileReference; fileEncoding = 4; lastKnownFileType = sourcecode.c.h; path = NavView.h; sourceTree = "<group>"; };
		FCE5CDEB1FEB537000CEEDA6 /* WPhotoViewController.h */ = {isa = PBXFileReference; fileEncoding = 4; lastKnownFileType = sourcecode.c.h; path = WPhotoViewController.h; sourceTree = "<group>"; };
		FCE5CDEC1FEB537000CEEDA6 /* WPFunctionView.m */ = {isa = PBXFileReference; fileEncoding = 4; lastKnownFileType = sourcecode.c.objc; path = WPFunctionView.m; sourceTree = "<group>"; };
		FCE5CDED1FEB537000CEEDA6 /* UIImage+fixOrientation.m */ = {isa = PBXFileReference; fileEncoding = 4; lastKnownFileType = sourcecode.c.objc; path = "UIImage+fixOrientation.m"; sourceTree = "<group>"; };
		FCE5CED71FEBC50000CEEDA6 /* ZQWebVCSingleton.h */ = {isa = PBXFileReference; lastKnownFileType = sourcecode.c.h; path = ZQWebVCSingleton.h; sourceTree = "<group>"; };
		FCE5CED81FEBC50000CEEDA6 /* ZQWebVCSingleton.m */ = {isa = PBXFileReference; lastKnownFileType = sourcecode.c.objc; path = ZQWebVCSingleton.m; sourceTree = "<group>"; };
		FCE5CEDA1FEF488100CEEDA6 /* ZQUIWebViewController.h */ = {isa = PBXFileReference; lastKnownFileType = sourcecode.c.h; path = ZQUIWebViewController.h; sourceTree = "<group>"; };
		FCE5CEDB1FEF488100CEEDA6 /* ZQUIWebViewController.m */ = {isa = PBXFileReference; lastKnownFileType = sourcecode.c.objc; path = ZQUIWebViewController.m; sourceTree = "<group>"; };
		FCE5CEDD1FEF521600CEEDA6 /* h5_bridge.js */ = {isa = PBXFileReference; fileEncoding = 4; lastKnownFileType = sourcecode.javascript; path = h5_bridge.js; sourceTree = "<group>"; };
		FCE5CEE31FEF58F200CEEDA6 /* h5.zip */ = {isa = PBXFileReference; lastKnownFileType = archive.zip; path = h5.zip; sourceTree = "<group>"; };
/* End PBXFileReference section */

/* Begin PBXFrameworksBuildPhase section */
		75A224551FDF8CF5005E28B2 /* Frameworks */ = {
			isa = PBXFrameworksBuildPhase;
			buildActionMask = 2147483647;
			files = (
				FCE5CDB71FEA68CA00CEEDA6 /* CoreGraphics.framework in Frameworks */,
				FCE5CDB51FEA689C00CEEDA6 /* ImageIO.framework in Frameworks */,
				FCE5CDB31FEA688300CEEDA6 /* Photos.framework in Frameworks */,
				FCE5CDB11FEA677A00CEEDA6 /* Security.framework in Frameworks */,
				FCE5CDAF1FEA676500CEEDA6 /* CoreTelephony.framework in Frameworks */,
				FCE5CDAD1FEA675300CEEDA6 /* CoreText.framework in Frameworks */,
				FCE5CDA71FEA672D00CEEDA6 /* SystemConfiguration.framework in Frameworks */,
				FCE5CDA91FEA673500CEEDA6 /* libz.tbd in Frameworks */,
				FCE5CDAB1FEA673F00CEEDA6 /* libsqlite3.tbd in Frameworks */,
				FCE5CD9D1FEA085400CEEDA6 /* AVFoundation.framework in Frameworks */,
				FCE5CD9B1FEA082400CEEDA6 /* UserNotifications.framework in Frameworks */,
				BF4BBD63652293626621B979 /* Pods_ZQuanProject.framework in Frameworks */,
				FCE5CDA51FEA5C7000CEEDA6 /* libWeiboSDK.a in Frameworks */,
			);
			runOnlyForDeploymentPostprocessing = 0;
		};
		75A2246D1FDF8CF7005E28B2 /* Frameworks */ = {
			isa = PBXFrameworksBuildPhase;
			buildActionMask = 2147483647;
			files = (
			);
			runOnlyForDeploymentPostprocessing = 0;
		};
		75A224781FDF8CF7005E28B2 /* Frameworks */ = {
			isa = PBXFrameworksBuildPhase;
			buildActionMask = 2147483647;
			files = (
			);
			runOnlyForDeploymentPostprocessing = 0;
		};
/* End PBXFrameworksBuildPhase section */

/* Begin PBXGroup section */
		398CAB93959A1C042890AA20 /* Frameworks */ = {
			isa = PBXGroup;
			children = (
				FCE5CDB61FEA68C300CEEDA6 /* CoreGraphics.framework */,
				FCE5CDB41FEA689600CEEDA6 /* ImageIO.framework */,
				FCE5CDB21FEA687C00CEEDA6 /* Photos.framework */,
				FCE5CDB01FEA677400CEEDA6 /* Security.framework */,
				FCE5CDAE1FEA675C00CEEDA6 /* CoreTelephony.framework */,
				FCE5CDAC1FEA674A00CEEDA6 /* CoreText.framework */,
				FCE5CDAA1FEA673F00CEEDA6 /* libsqlite3.tbd */,
				FCE5CDA81FEA673500CEEDA6 /* libz.tbd */,
				FCE5CDA61FEA672500CEEDA6 /* SystemConfiguration.framework */,
				FCE5CD9C1FEA084B00CEEDA6 /* AVFoundation.framework */,
				FCE5CD9A1FEA081800CEEDA6 /* UserNotifications.framework */,
				32E48CC7DE08A9023BDB2986 /* Pods_ZQuanProject.framework */,
			);
			name = Frameworks;
			sourceTree = "<group>";
		};
		75A2244F1FDF8CF5005E28B2 = {
			isa = PBXGroup;
			children = (
				75A2245A1FDF8CF5005E28B2 /* ZQuanProject */,
				75A224731FDF8CF7005E28B2 /* ZQuanProjectTests */,
				75A2247E1FDF8CF7005E28B2 /* ZQuanProjectUITests */,
				75A224591FDF8CF5005E28B2 /* Products */,
				FBE617125EFA3423A5E009FD /* Pods */,
				398CAB93959A1C042890AA20 /* Frameworks */,
			);
			sourceTree = "<group>";
		};
		75A224591FDF8CF5005E28B2 /* Products */ = {
			isa = PBXGroup;
			children = (
				75A224581FDF8CF5005E28B2 /* ZQuanProject.app */,
				75A224701FDF8CF7005E28B2 /* ZQuanProjectTests.xctest */,
				75A2247B1FDF8CF7005E28B2 /* ZQuanProjectUITests.xctest */,
			);
			name = Products;
			sourceTree = "<group>";
		};
		75A2245A1FDF8CF5005E28B2 /* ZQuanProject */ = {
			isa = PBXGroup;
			children = (
				FCE5CD991FE9335200CEEDA6 /* ZQuanProject.entitlements */,
				FCE5CD9E1FEA5C4600CEEDA6 /* lib */,
				75A224AF1FDFA0B8005E28B2 /* Macros */,
				75A224A21FDF99FA005E28B2 /* Base */,
				75A2248E1FDF9714005E28B2 /* Class */,
				75A2248D1FDF9714005E28B2 /* Tool */,
				75A2245B1FDF8CF5005E28B2 /* AppDelegate.h */,
				75A2245C1FDF8CF5005E28B2 /* AppDelegate.m */,
				75A2245E1FDF8CF5005E28B2 /* ViewController.h */,
				75A2245F1FDF8CF5005E28B2 /* ViewController.m */,
				75A224B61FDFA33C005E28B2 /* ZQuanProject-Prefix.pch */,
				6082EA1A1FFE0CC00052EB0B /* InfoPlist.strings */,
				75A224611FDF8CF6005E28B2 /* Main.storyboard */,
				75A224641FDF8CF6005E28B2 /* Assets.xcassets */,
				75A224661FDF8CF6005E28B2 /* LaunchScreen.storyboard */,
				75A224691FDF8CF6005E28B2 /* Info.plist */,
				75A2246A1FDF8CF6005E28B2 /* main.m */,
				FCE5CEDD1FEF521600CEEDA6 /* h5_bridge.js */,
				FCE5CEE31FEF58F200CEEDA6 /* h5.zip */,
			);
			path = ZQuanProject;
			sourceTree = "<group>";
		};
		75A224731FDF8CF7005E28B2 /* ZQuanProjectTests */ = {
			isa = PBXGroup;
			children = (
				75A224741FDF8CF7005E28B2 /* ZQuanProjectTests.m */,
				75A224761FDF8CF7005E28B2 /* Info.plist */,
			);
			path = ZQuanProjectTests;
			sourceTree = "<group>";
		};
		75A2247E1FDF8CF7005E28B2 /* ZQuanProjectUITests */ = {
			isa = PBXGroup;
			children = (
				75A2247F1FDF8CF7005E28B2 /* ZQuanProjectUITests.m */,
				75A224811FDF8CF7005E28B2 /* Info.plist */,
			);
			path = ZQuanProjectUITests;
			sourceTree = "<group>";
		};
		75A2248D1FDF9714005E28B2 /* Tool */ = {
			isa = PBXGroup;
			children = (
				FCE5CDDE1FEB537000CEEDA6 /* CustomAlbum */,
				FCE5CDD41FEAAFD100CEEDA6 /* MBProgressHUD */,
				FCE5CDB81FEAAF7C00CEEDA6 /* EBBannerView */,
				FCCC3BCF1FE021AE00C95569 /* Helper.h */,
				FCCC3BD01FE021AE00C95569 /* Helper.m */,
				75C527FB1FE13C1A000230DD /* Helper+Cache.h */,
				75C527FC1FE13C1A000230DD /* Helper+Cache.m */,
				75A2249A1FDF9781005E28B2 /* UIView+Additional.h */,
				75A224991FDF9781005E28B2 /* UIView+Additional.m */,
			);
			path = Tool;
			sourceTree = "<group>";
		};
		75A2248E1FDF9714005E28B2 /* Class */ = {
			isa = PBXGroup;
			children = (
				75E80A842049248C00667839 /* Net */,
				FC13F9821FE60C510009499E /* NSURLProtocol */,
				FC13F9AA1FE772050009499E /* Event */,
				FC13F9811FE60C200009499E /* Plugins */,
				75A2249F1FDF98C1005E28B2 /* ZQLaunchViewController.h */,
				75A224A01FDF98C1005E28B2 /* ZQLaunchViewController.m */,
				FCE5CEDA1FEF488100CEEDA6 /* ZQUIWebViewController.h */,
				FCE5CEDB1FEF488100CEEDA6 /* ZQUIWebViewController.m */,
				7519ADB72046A44E00C30B0C /* UnzipManager.h */,
				7519ADB82046A44E00C30B0C /* UnzipManager.m */,
				75C528021FE148AC000230DD /* GradientProgressView.h */,
				75C528031FE148AC000230DD /* GradientProgressView.m */,
				FCE5CED71FEBC50000CEEDA6 /* ZQWebVCSingleton.h */,
				FCE5CED81FEBC50000CEEDA6 /* ZQWebVCSingleton.m */,
				FCBEE0E7202320040087D927 /* ZQLayoutModel.h */,
				FCBEE0E8202320040087D927 /* ZQLayoutModel.m */,
			);
			path = Class;
			sourceTree = "<group>";
		};
		75A224A21FDF99FA005E28B2 /* Base */ = {
			isa = PBXGroup;
			children = (
				FCE5CD941FE8A62E00CEEDA6 /* BaseViewController.h */,
				FCE5CD931FE8A62E00CEEDA6 /* BaseViewController.m */,
			);
			path = Base;
			sourceTree = "<group>";
		};
		75A224AF1FDFA0B8005E28B2 /* Macros */ = {
			isa = PBXGroup;
			children = (
				75C527FE1FE14078000230DD /* APPConfig.h */,
				75A224B51FDFA176005E28B2 /* Macros.h */,
			);
			path = Macros;
			sourceTree = "<group>";
		};
		75E80A842049248C00667839 /* Net */ = {
			isa = PBXGroup;
			children = (
				75E80A87204924D500667839 /* JZNetTool.h */,
				75E80A86204924D400667839 /* JZNetTool.m */,
				75E80A88204924D500667839 /* JZNetObserver.h */,
				75E80A85204924D400667839 /* JZNetObserver.m */,
			);
			path = Net;
			sourceTree = "<group>";
		};
		FBE617125EFA3423A5E009FD /* Pods */ = {
			isa = PBXGroup;
			children = (
				D87718ED34AD97DD04350730 /* Pods-ZQuanProject.debug.xcconfig */,
				0E4837EDC55DCF9DA2F5A8A6 /* Pods-ZQuanProject.release.xcconfig */,
			);
			name = Pods;
			sourceTree = "<group>";
		};
		FC13F9811FE60C200009499E /* Plugins */ = {
			isa = PBXGroup;
			children = (
				FC13F9891FE61A7B0009499E /* H5Plugin.h */,
				FC13F98A1FE61A7B0009499E /* H5Plugin.m */,
				FC13F9901FE61F870009499E /* BackPlugin.h */,
				FC13F9911FE61F870009499E /* BackPlugin.m */,
				FC13F9AE1FE77C6F0009499E /* AlbumPlugin.h */,
				FC13F9AF1FE77C6F0009499E /* AlbumPlugin.m */,
				FC13F9B11FE77C880009499E /* AlertPlugin.h */,
				FC13F9B21FE77C880009499E /* AlertPlugin.m */,
				FC13F9DB1FE77DC40009499E /* PromptPlugin.h */,
				FC13F9DC1FE77DC40009499E /* PromptPlugin.m */,
				FC13F9B41FE77C9F0009499E /* ConfirmPlugin.h */,
				FC13F9B51FE77C9F0009499E /* ConfirmPlugin.m */,
				FC13F9B71FE77CC30009499E /* DownloadPlugin.h */,
				FC13F9B81FE77CC30009499E /* DownloadPlugin.m */,
				FC13FA081FE790770009499E /* SetPreferencePlugin.h */,
				FC13FA091FE790770009499E /* SetPreferencePlugin.m */,
				FC13F9BA1FE77CD80009499E /* GetPreferencePlugin.h */,
				FC13F9BB1FE77CD80009499E /* GetPreferencePlugin.m */,
				FC13F9BD1FE77CEB0009499E /* HideBackButtonPlugin.h */,
				FC13F9BE1FE77CEB0009499E /* HideBackButtonPlugin.m */,
				FC13F9C61FE77D3A0009499E /* LoginOutPlugin.h */,
				FC13F9C71FE77D3A0009499E /* LoginOutPlugin.m */,
				FC13F9C91FE77D4E0009499E /* LoginWeiboPlugin.h */,
				FC13F9CA1FE77D4E0009499E /* LoginWeiboPlugin.m */,
				FC13F9CC1FE77D5F0009499E /* MoveTaskToBackPlugin.h */,
				FC13F9CD1FE77D5F0009499E /* MoveTaskToBackPlugin.m */,
				FC13F9CF1FE77D710009499E /* NetworkInfoPlugin.h */,
				FC13F9D01FE77D710009499E /* NetworkInfoPlugin.m */,
				FC13F9D21FE77D880009499E /* NotifyPlugin.h */,
				FC13F9D31FE77D880009499E /* NotifyPlugin.m */,
				FC13F9D51FE77D990009499E /* OpenUriPlugin.h */,
				FC13F9D61FE77D990009499E /* OpenUriPlugin.m */,
				FC13F9D81FE77DB10009499E /* PopWindowPlugin.h */,
				FC13F9D91FE77DB10009499E /* PopWindowPlugin.m */,
				FC13F9DE1FE77DDF0009499E /* PushWindowPlugin.h */,
				FC13F9DF1FE77DDF0009499E /* PushWindowPlugin.m */,
				FC13F9E11FE77DF10009499E /* RefreshPlugin.h */,
				FC13F9E21FE77DF10009499E /* RefreshPlugin.m */,
				FC13F9E41FE77E0A0009499E /* RefreshStatePlugin.h */,
				FC13F9E51FE77E0A0009499E /* RefreshStatePlugin.m */,
				FC13F9EA1FE77E360009499E /* SetOptionMenuPlugin.h */,
				FC13F9EB1FE77E360009499E /* SetOptionMenuPlugin.m */,
				FC13F9F01FE77E570009499E /* SetSubTitlePlugin.h */,
				FC13F9F11FE77E570009499E /* SetSubTitlePlugin.m */,
				FC13F9F31FE77E690009499E /* SetTitleBgColorPlugin.h */,
				FC13F9F41FE77E690009499E /* SetTitleBgColorPlugin.m */,
				FC13F9F61FE77E7C0009499E /* SetTitlePlugin.h */,
				FC13F9F71FE77E7C0009499E /* SetTitlePlugin.m */,
				FC13F9F91FE77E910009499E /* ShowBackButtonPlugin.h */,
				FC13F9FA1FE77E910009499E /* ShowBackButtonPlugin.m */,
				FC13FA021FE77EC50009499E /* ToastPlugin.h */,
				FC13FA031FE77EC50009499E /* ToastPlugin.m */,
				FC13F9FC1FE77EA00009499E /* ShowLoadingPlugin.h */,
				FC13F9FD1FE77EA00009499E /* ShowLoadingPlugin.m */,
				FC13F9C01FE77CFE0009499E /* HideLoadingPlugin.h */,
				FC13F9C11FE77CFE0009499E /* HideLoadingPlugin.m */,
				FC13FA051FE77EDC0009499E /* WeiboLoginPlugin.h */,
				FC13FA061FE77EDC0009499E /* WeiboLoginPlugin.m */,
				60C4B6E81FF6725400EE8A89 /* LoginPlugin.h */,
				60C4B6E91FF6725400EE8A89 /* LoginPlugin.m */,
				FC974D2F20286B0A009A0271 /* SetCachePlugin.h */,
				FC974D3020286B0A009A0271 /* SetCachePlugin.m */,
				FC974D3220286B2F009A0271 /* GetCachePlugin.h */,
				FC974D3320286B2F009A0271 /* GetCachePlugin.m */,
			);
			path = Plugins;
			sourceTree = "<group>";
		};
		FC13F9821FE60C510009499E /* NSURLProtocol */ = {
			isa = PBXGroup;
			children = (
				FC13F9851FE60CD10009499E /* NSURLProtocol+WebKitSupport.h */,
				FC13F9831FE60CD10009499E /* NSURLProtocol+WebKitSupport.m */,
				FC13F9841FE60CD10009499E /* WebNSURLProtocol.h */,
				FC13F9861FE60CD10009499E /* WebNSURLProtocol.m */,
			);
			path = NSURLProtocol;
			sourceTree = "<group>";
		};
		FC13F9AA1FE772050009499E /* Event */ = {
			isa = PBXGroup;
			children = (
				FC13F9AB1FE7726D0009499E /* H5EventDispatcher.h */,
				FC13F9AC1FE7726D0009499E /* H5EventDispatcher.m */,
			);
			path = Event;
			sourceTree = "<group>";
		};
		FCE5CD9E1FEA5C4600CEEDA6 /* lib */ = {
			isa = PBXGroup;
			children = (
				FCE5CD9F1FEA5C6F00CEEDA6 /* libWeiboSDK */,
			);
			path = lib;
			sourceTree = "<group>";
		};
		FCE5CD9F1FEA5C6F00CEEDA6 /* libWeiboSDK */ = {
			isa = PBXGroup;
			children = (
				FCE5CDA01FEA5C6F00CEEDA6 /* WeiboSDK.bundle */,
				FCE5CDA11FEA5C6F00CEEDA6 /* libWeiboSDK.a */,
				FCE5CDA21FEA5C6F00CEEDA6 /* WBHttpRequest.h */,
				FCE5CDA31FEA5C6F00CEEDA6 /* WeiboSDK.h */,
			);
			path = libWeiboSDK;
			sourceTree = "<group>";
		};
		FCE5CDB81FEAAF7C00CEEDA6 /* EBBannerView */ = {
			isa = PBXGroup;
			children = (
				FCE5CDC91FEAAF7C00CEEDA6 /* EBBannerView.h */,
				FCE5CDB91FEAAF7C00CEEDA6 /* EBCustomBannerView.h */,
				FCE5CDBA1FEAAF7C00CEEDA6 /* Classes */,
			);
			path = EBBannerView;
			sourceTree = "<group>";
		};
		FCE5CDBA1FEAAF7C00CEEDA6 /* Classes */ = {
			isa = PBXGroup;
			children = (
				FCE5CDBB1FEAAF7C00CEEDA6 /* EBMuteDetector.h */,
				FCE5CDBC1FEAAF7C00CEEDA6 /* EBBannerWindow.h */,
				FCE5CDBD1FEAAF7C00CEEDA6 /* EBBannerView+Categories.h */,
				FCE5CDBE1FEAAF7C00CEEDA6 /* EBBannerView.m */,
				FCE5CDBF1FEAAF7C00CEEDA6 /* EBBannerViewController.h */,
				FCE5CDC01FEAAF7C00CEEDA6 /* EBBannerViewMaker.m */,
				FCE5CDC11FEAAF7C00CEEDA6 /* EBBannerView.xib */,
				FCE5CDC21FEAAF7C00CEEDA6 /* EBBannerViewController.xib */,
				FCE5CDC31FEAAF7C00CEEDA6 /* EBBannerWindow.m */,
				FCE5CDC41FEAAF7C00CEEDA6 /* EBCustomBannerView.m */,
				FCE5CDC51FEAAF7C00CEEDA6 /* EBMuteDetector.m */,
				FCE5CDC61FEAAF7C00CEEDA6 /* EBBannerView+Categories.m */,
				FCE5CDC71FEAAF7C00CEEDA6 /* EBMuteDetector.mp3 */,
				FCE5CDC81FEAAF7C00CEEDA6 /* EBBannerViewController.m */,
			);
			path = Classes;
			sourceTree = "<group>";
		};
		FCE5CDD41FEAAFD100CEEDA6 /* MBProgressHUD */ = {
			isa = PBXGroup;
			children = (
				FCE5CDD61FEAAFD100CEEDA6 /* HDHud.h */,
				FCE5CDD81FEAAFD100CEEDA6 /* HDHud.m */,
				FCE5CDD71FEAAFD100CEEDA6 /* MBProgressHUD.h */,
				FCE5CDD51FEAAFD100CEEDA6 /* MBProgressHUD.m */,
			);
			path = MBProgressHUD;
			sourceTree = "<group>";
		};
		FCE5CDDE1FEB537000CEEDA6 /* CustomAlbum */ = {
			isa = PBXGroup;
			children = (
				FCE5CDE21FEB537000CEEDA6 /* AlbumImage */,
				FCE5CDDF1FEB537000CEEDA6 /* myPhotoCell.m */,
				FCE5CDE01FEB537000CEEDA6 /* WPhotoViewController.m */,
				FCE5CDE11FEB537000CEEDA6 /* NavView.m */,
				FCE5CDE61FEB537000CEEDA6 /* WPFunctionView.h */,
				FCE5CDE71FEB537000CEEDA6 /* UIImage+fixOrientation.h */,
				FCE5CDE81FEB537000CEEDA6 /* myPhotoCell.h */,
				FCE5CDE91FEB537000CEEDA6 /* WPMacros.h */,
				FCE5CDEA1FEB537000CEEDA6 /* NavView.h */,
				FCE5CDEB1FEB537000CEEDA6 /* WPhotoViewController.h */,
				FCE5CDEC1FEB537000CEEDA6 /* WPFunctionView.m */,
				FCE5CDED1FEB537000CEEDA6 /* UIImage+fixOrientation.m */,
			);
			path = CustomAlbum;
			sourceTree = "<group>";
		};
		FCE5CDE21FEB537000CEEDA6 /* AlbumImage */ = {
			isa = PBXGroup;
			children = (
				FCE5CDE31FEB537000CEEDA6 /* wphoto_select_no@2x.png */,
				FCE5CDE41FEB537000CEEDA6 /* wphoto_select_yes@2x.png */,
				FCE5CDE51FEB537000CEEDA6 /* wphoto_back@2x.png */,
			);
			path = AlbumImage;
			sourceTree = "<group>";
		};
/* End PBXGroup section */

/* Begin PBXNativeTarget section */
		75A224571FDF8CF5005E28B2 /* ZQuanProject */ = {
			isa = PBXNativeTarget;
			buildConfigurationList = 75A224841FDF8CF7005E28B2 /* Build configuration list for PBXNativeTarget "ZQuanProject" */;
			buildPhases = (
				A9A84BA5696EF68D0F98B148 /* [CP] Check Pods Manifest.lock */,
				75A224541FDF8CF5005E28B2 /* Sources */,
				75A224551FDF8CF5005E28B2 /* Frameworks */,
				75A224561FDF8CF5005E28B2 /* Resources */,
				072A33F9858450068F4DA377 /* [CP] Embed Pods Frameworks */,
				2FA62B6F4356B3A5B5B86972 /* [CP] Copy Pods Resources */,
			);
			buildRules = (
			);
			dependencies = (
			);
			name = ZQuanProject;
			productName = ZQuanProject;
			productReference = 75A224581FDF8CF5005E28B2 /* ZQuanProject.app */;
			productType = "com.apple.product-type.application";
		};
		75A2246F1FDF8CF7005E28B2 /* ZQuanProjectTests */ = {
			isa = PBXNativeTarget;
			buildConfigurationList = 75A224871FDF8CF7005E28B2 /* Build configuration list for PBXNativeTarget "ZQuanProjectTests" */;
			buildPhases = (
				75A2246C1FDF8CF7005E28B2 /* Sources */,
				75A2246D1FDF8CF7005E28B2 /* Frameworks */,
				75A2246E1FDF8CF7005E28B2 /* Resources */,
			);
			buildRules = (
			);
			dependencies = (
				75A224721FDF8CF7005E28B2 /* PBXTargetDependency */,
			);
			name = ZQuanProjectTests;
			productName = ZQuanProjectTests;
			productReference = 75A224701FDF8CF7005E28B2 /* ZQuanProjectTests.xctest */;
			productType = "com.apple.product-type.bundle.unit-test";
		};
		75A2247A1FDF8CF7005E28B2 /* ZQuanProjectUITests */ = {
			isa = PBXNativeTarget;
			buildConfigurationList = 75A2248A1FDF8CF7005E28B2 /* Build configuration list for PBXNativeTarget "ZQuanProjectUITests" */;
			buildPhases = (
				75A224771FDF8CF7005E28B2 /* Sources */,
				75A224781FDF8CF7005E28B2 /* Frameworks */,
				75A224791FDF8CF7005E28B2 /* Resources */,
			);
			buildRules = (
			);
			dependencies = (
				75A2247D1FDF8CF7005E28B2 /* PBXTargetDependency */,
			);
			name = ZQuanProjectUITests;
			productName = ZQuanProjectUITests;
			productReference = 75A2247B1FDF8CF7005E28B2 /* ZQuanProjectUITests.xctest */;
			productType = "com.apple.product-type.bundle.ui-testing";
		};
/* End PBXNativeTarget section */

/* Begin PBXProject section */
		75A224501FDF8CF5005E28B2 /* Project object */ = {
			isa = PBXProject;
			attributes = {
				LastUpgradeCheck = 0920;
				ORGANIZATIONNAME = zquan;
				TargetAttributes = {
					75A224571FDF8CF5005E28B2 = {
						CreatedOnToolsVersion = 9.2;
						ProvisioningStyle = Manual;
						SystemCapabilities = {
							com.apple.BackgroundModes = {
								enabled = 1;
							};
							com.apple.Push = {
								enabled = 1;
							};
						};
					};
					75A2246F1FDF8CF7005E28B2 = {
						CreatedOnToolsVersion = 9.2;
						ProvisioningStyle = Automatic;
						TestTargetID = 75A224571FDF8CF5005E28B2;
					};
					75A2247A1FDF8CF7005E28B2 = {
						CreatedOnToolsVersion = 9.2;
						ProvisioningStyle = Automatic;
						TestTargetID = 75A224571FDF8CF5005E28B2;
					};
				};
			};
			buildConfigurationList = 75A224531FDF8CF5005E28B2 /* Build configuration list for PBXProject "ZQuanProject" */;
			compatibilityVersion = "Xcode 8.0";
			developmentRegion = en;
			hasScannedForEncodings = 0;
			knownRegions = (
				en,
				Base,
			);
			mainGroup = 75A2244F1FDF8CF5005E28B2;
			productRefGroup = 75A224591FDF8CF5005E28B2 /* Products */;
			projectDirPath = "";
			projectRoot = "";
			targets = (
				75A224571FDF8CF5005E28B2 /* ZQuanProject */,
				75A2246F1FDF8CF7005E28B2 /* ZQuanProjectTests */,
				75A2247A1FDF8CF7005E28B2 /* ZQuanProjectUITests */,
			);
		};
/* End PBXProject section */

/* Begin PBXResourcesBuildPhase section */
		75A224561FDF8CF5005E28B2 /* Resources */ = {
			isa = PBXResourcesBuildPhase;
			buildActionMask = 2147483647;
			files = (
				FCE5CDF21FEB537000CEEDA6 /* wphoto_select_yes@2x.png in Resources */,
				FCE5CDD21FEAAF7C00CEEDA6 /* EBMuteDetector.mp3 in Resources */,
				FCE5CDF11FEB537000CEEDA6 /* wphoto_select_no@2x.png in Resources */,
				6082EA1B1FFE0CC00052EB0B /* InfoPlist.strings in Resources */,
				FCE5CDF31FEB537000CEEDA6 /* wphoto_back@2x.png in Resources */,
				FCE5CEE41FEF58F200CEEDA6 /* h5.zip in Resources */,
				75A224681FDF8CF6005E28B2 /* LaunchScreen.storyboard in Resources */,
				75A224651FDF8CF6005E28B2 /* Assets.xcassets in Resources */,
				75A224631FDF8CF6005E28B2 /* Main.storyboard in Resources */,
				FCE5CEDF1FEF521600CEEDA6 /* h5_bridge.js in Resources */,
				FCE5CDCC1FEAAF7C00CEEDA6 /* EBBannerView.xib in Resources */,
				FCE5CDA41FEA5C7000CEEDA6 /* WeiboSDK.bundle in Resources */,
				FCE5CDCD1FEAAF7C00CEEDA6 /* EBBannerViewController.xib in Resources */,
			);
			runOnlyForDeploymentPostprocessing = 0;
		};
		75A2246E1FDF8CF7005E28B2 /* Resources */ = {
			isa = PBXResourcesBuildPhase;
			buildActionMask = 2147483647;
			files = (
			);
			runOnlyForDeploymentPostprocessing = 0;
		};
		75A224791FDF8CF7005E28B2 /* Resources */ = {
			isa = PBXResourcesBuildPhase;
			buildActionMask = 2147483647;
			files = (
			);
			runOnlyForDeploymentPostprocessing = 0;
		};
/* End PBXResourcesBuildPhase section */

/* Begin PBXShellScriptBuildPhase section */
		072A33F9858450068F4DA377 /* [CP] Embed Pods Frameworks */ = {
			isa = PBXShellScriptBuildPhase;
			buildActionMask = 2147483647;
			files = (
			);
			inputPaths = (
				"${SRCROOT}/Pods/Target Support Files/Pods-ZQuanProject/Pods-ZQuanProject-frameworks.sh",
				"${BUILT_PRODUCTS_DIR}/AFNetworking/AFNetworking.framework",
				"${BUILT_PRODUCTS_DIR}/SSZipArchive/SSZipArchive.framework",
			);
			name = "[CP] Embed Pods Frameworks";
			outputPaths = (
				"${TARGET_BUILD_DIR}/${FRAMEWORKS_FOLDER_PATH}/AFNetworking.framework",
				"${TARGET_BUILD_DIR}/${FRAMEWORKS_FOLDER_PATH}/SSZipArchive.framework",
			);
			runOnlyForDeploymentPostprocessing = 0;
			shellPath = /bin/sh;
			shellScript = "\"${SRCROOT}/Pods/Target Support Files/Pods-ZQuanProject/Pods-ZQuanProject-frameworks.sh\"\n";
			showEnvVarsInLog = 0;
		};
		2FA62B6F4356B3A5B5B86972 /* [CP] Copy Pods Resources */ = {
			isa = PBXShellScriptBuildPhase;
			buildActionMask = 2147483647;
			files = (
			);
			inputPaths = (
			);
			name = "[CP] Copy Pods Resources";
			outputPaths = (
			);
			runOnlyForDeploymentPostprocessing = 0;
			shellPath = /bin/sh;
			shellScript = "\"${SRCROOT}/Pods/Target Support Files/Pods-ZQuanProject/Pods-ZQuanProject-resources.sh\"\n";
			showEnvVarsInLog = 0;
		};
		A9A84BA5696EF68D0F98B148 /* [CP] Check Pods Manifest.lock */ = {
			isa = PBXShellScriptBuildPhase;
			buildActionMask = 2147483647;
			files = (
			);
			inputPaths = (
				"${PODS_PODFILE_DIR_PATH}/Podfile.lock",
				"${PODS_ROOT}/Manifest.lock",
			);
			name = "[CP] Check Pods Manifest.lock";
			outputPaths = (
				"$(DERIVED_FILE_DIR)/Pods-ZQuanProject-checkManifestLockResult.txt",
			);
			runOnlyForDeploymentPostprocessing = 0;
			shellPath = /bin/sh;
			shellScript = "diff \"${PODS_PODFILE_DIR_PATH}/Podfile.lock\" \"${PODS_ROOT}/Manifest.lock\" > /dev/null\nif [ $? != 0 ] ; then\n    # print error to STDERR\n    echo \"error: The sandbox is not in sync with the Podfile.lock. Run 'pod install' or update your CocoaPods installation.\" >&2\n    exit 1\nfi\n# This output is used by Xcode 'outputs' to avoid re-running this script phase.\necho \"SUCCESS\" > \"${SCRIPT_OUTPUT_FILE_0}\"\n";
			showEnvVarsInLog = 0;
		};
/* End PBXShellScriptBuildPhase section */

/* Begin PBXSourcesBuildPhase section */
		75A224541FDF8CF5005E28B2 /* Sources */ = {
			isa = PBXSourcesBuildPhase;
			buildActionMask = 2147483647;
			files = (
				FC13F9881FE60CD10009499E /* WebNSURLProtocol.m in Sources */,
				FC13F9DA1FE77DB10009499E /* PopWindowPlugin.m in Sources */,
				75E80A89204924D500667839 /* JZNetObserver.m in Sources */,
				75A224601FDF8CF5005E28B2 /* ViewController.m in Sources */,
				FCE5CDF51FEB537000CEEDA6 /* UIImage+fixOrientation.m in Sources */,
				FC13F9E01FE77DDF0009499E /* PushWindowPlugin.m in Sources */,
				FC13F9D11FE77D710009499E /* NetworkInfoPlugin.m in Sources */,
				FCE5CDD31FEAAF7C00CEEDA6 /* EBBannerViewController.m in Sources */,
				FC13F9E31FE77DF10009499E /* RefreshPlugin.m in Sources */,
				75A2246B1FDF8CF6005E28B2 /* main.m in Sources */,
				FC13F9B61FE77C9F0009499E /* ConfirmPlugin.m in Sources */,
				FC13F9F81FE77E7C0009499E /* SetTitlePlugin.m in Sources */,
				FC13FA071FE77EDC0009499E /* WeiboLoginPlugin.m in Sources */,
				FCE5CDD91FEAAFD100CEEDA6 /* MBProgressHUD.m in Sources */,
				75C527FD1FE13C1B000230DD /* Helper+Cache.m in Sources */,
				75E80A8A204924D500667839 /* JZNetTool.m in Sources */,
				75C528041FE148AC000230DD /* GradientProgressView.m in Sources */,
				75A2249B1FDF9781005E28B2 /* UIView+Additional.m in Sources */,
				FC13F9B01FE77C6F0009499E /* AlbumPlugin.m in Sources */,
				FC13F9FE1FE77EA00009499E /* ShowLoadingPlugin.m in Sources */,
				FCE5CEDC1FEF488100CEEDA6 /* ZQUIWebViewController.m in Sources */,
				FC13FA041FE77EC50009499E /* ToastPlugin.m in Sources */,
				FCE5CDCE1FEAAF7C00CEEDA6 /* EBBannerWindow.m in Sources */,
				FCE5CDCF1FEAAF7C00CEEDA6 /* EBCustomBannerView.m in Sources */,
				FC13F9921FE61F870009499E /* BackPlugin.m in Sources */,
				FCE5CDCA1FEAAF7C00CEEDA6 /* EBBannerView.m in Sources */,
				FCE5CDCB1FEAAF7C00CEEDA6 /* EBBannerViewMaker.m in Sources */,
				FC13F9871FE60CD10009499E /* NSURLProtocol+WebKitSupport.m in Sources */,
				FC13FA0A1FE790770009499E /* SetPreferencePlugin.m in Sources */,
				FC13F9BF1FE77CEB0009499E /* HideBackButtonPlugin.m in Sources */,
				FC13F9CB1FE77D4E0009499E /* LoginWeiboPlugin.m in Sources */,
				FC13F9FB1FE77E910009499E /* ShowBackButtonPlugin.m in Sources */,
				75A224A11FDF98C1005E28B2 /* ZQLaunchViewController.m in Sources */,
				FCE5CDD01FEAAF7C00CEEDA6 /* EBMuteDetector.m in Sources */,
				75A2245D1FDF8CF5005E28B2 /* AppDelegate.m in Sources */,
				FC13F9BC1FE77CD80009499E /* GetPreferencePlugin.m in Sources */,
				FC13F9D41FE77D880009499E /* NotifyPlugin.m in Sources */,
				FCE5CDEF1FEB537000CEEDA6 /* WPhotoViewController.m in Sources */,
				FC13F9DD1FE77DC40009499E /* PromptPlugin.m in Sources */,
				FC13F9AD1FE7726D0009499E /* H5EventDispatcher.m in Sources */,
				FC13F98B1FE61A7B0009499E /* H5Plugin.m in Sources */,
				FC974D3120286B0A009A0271 /* SetCachePlugin.m in Sources */,
				FCE5CED91FEBC50000CEEDA6 /* ZQWebVCSingleton.m in Sources */,
				FCE5CDD11FEAAF7C00CEEDA6 /* EBBannerView+Categories.m in Sources */,
				FC13F9CE1FE77D5F0009499E /* MoveTaskToBackPlugin.m in Sources */,
				FC13F9B31FE77C880009499E /* AlertPlugin.m in Sources */,
				FC13F9EC1FE77E360009499E /* SetOptionMenuPlugin.m in Sources */,
				FCE5CDF01FEB537000CEEDA6 /* NavView.m in Sources */,
				FCBEE0E9202320040087D927 /* ZQLayoutModel.m in Sources */,
				FC13F9C21FE77CFE0009499E /* HideLoadingPlugin.m in Sources */,
				FC13F9F51FE77E690009499E /* SetTitleBgColorPlugin.m in Sources */,
				FCCC3BD11FE021AE00C95569 /* Helper.m in Sources */,
				FCE5CDEE1FEB537000CEEDA6 /* myPhotoCell.m in Sources */,
				FC974D3420286B2F009A0271 /* GetCachePlugin.m in Sources */,
				FC13F9D71FE77D990009499E /* OpenUriPlugin.m in Sources */,
				FC13F9B91FE77CC30009499E /* DownloadPlugin.m in Sources */,
				FC13F9F21FE77E570009499E /* SetSubTitlePlugin.m in Sources */,
				FCE5CDF41FEB537000CEEDA6 /* WPFunctionView.m in Sources */,
				7519ADB92046A44E00C30B0C /* UnzipManager.m in Sources */,
				FC13F9E61FE77E0A0009499E /* RefreshStatePlugin.m in Sources */,
				60C4B6EA1FF6725400EE8A89 /* LoginPlugin.m in Sources */,
				FCE5CDDA1FEAAFD100CEEDA6 /* HDHud.m in Sources */,
				FCE5CD951FE8A62E00CEEDA6 /* BaseViewController.m in Sources */,
				FC13F9C81FE77D3A0009499E /* LoginOutPlugin.m in Sources */,
			);
			runOnlyForDeploymentPostprocessing = 0;
		};
		75A2246C1FDF8CF7005E28B2 /* Sources */ = {
			isa = PBXSourcesBuildPhase;
			buildActionMask = 2147483647;
			files = (
				75A224751FDF8CF7005E28B2 /* ZQuanProjectTests.m in Sources */,
			);
			runOnlyForDeploymentPostprocessing = 0;
		};
		75A224771FDF8CF7005E28B2 /* Sources */ = {
			isa = PBXSourcesBuildPhase;
			buildActionMask = 2147483647;
			files = (
				75A224801FDF8CF7005E28B2 /* ZQuanProjectUITests.m in Sources */,
			);
			runOnlyForDeploymentPostprocessing = 0;
		};
/* End PBXSourcesBuildPhase section */

/* Begin PBXTargetDependency section */
		75A224721FDF8CF7005E28B2 /* PBXTargetDependency */ = {
			isa = PBXTargetDependency;
			target = 75A224571FDF8CF5005E28B2 /* ZQuanProject */;
			targetProxy = 75A224711FDF8CF7005E28B2 /* PBXContainerItemProxy */;
		};
		75A2247D1FDF8CF7005E28B2 /* PBXTargetDependency */ = {
			isa = PBXTargetDependency;
			target = 75A224571FDF8CF5005E28B2 /* ZQuanProject */;
			targetProxy = 75A2247C1FDF8CF7005E28B2 /* PBXContainerItemProxy */;
		};
/* End PBXTargetDependency section */

/* Begin PBXVariantGroup section */
		75A224611FDF8CF6005E28B2 /* Main.storyboard */ = {
			isa = PBXVariantGroup;
			children = (
				75A224621FDF8CF6005E28B2 /* Base */,
			);
			name = Main.storyboard;
			sourceTree = "<group>";
		};
		75A224661FDF8CF6005E28B2 /* LaunchScreen.storyboard */ = {
			isa = PBXVariantGroup;
			children = (
				75A224671FDF8CF6005E28B2 /* Base */,
			);
			name = LaunchScreen.storyboard;
			sourceTree = "<group>";
		};
/* End PBXVariantGroup section */

/* Begin XCBuildConfiguration section */
		75A224821FDF8CF7005E28B2 /* Debug */ = {
			isa = XCBuildConfiguration;
			buildSettings = {
				ALWAYS_SEARCH_USER_PATHS = NO;
				CLANG_ANALYZER_NONNULL = YES;
				CLANG_ANALYZER_NUMBER_OBJECT_CONVERSION = YES_AGGRESSIVE;
				CLANG_CXX_LANGUAGE_STANDARD = "gnu++14";
				CLANG_CXX_LIBRARY = "libc++";
				CLANG_ENABLE_MODULES = YES;
				CLANG_ENABLE_OBJC_ARC = YES;
				CLANG_WARN_BLOCK_CAPTURE_AUTORELEASING = YES;
				CLANG_WARN_BOOL_CONVERSION = YES;
				CLANG_WARN_COMMA = YES;
				CLANG_WARN_CONSTANT_CONVERSION = YES;
				CLANG_WARN_DIRECT_OBJC_ISA_USAGE = YES_ERROR;
				CLANG_WARN_DOCUMENTATION_COMMENTS = YES;
				CLANG_WARN_EMPTY_BODY = YES;
				CLANG_WARN_ENUM_CONVERSION = YES;
				CLANG_WARN_INFINITE_RECURSION = YES;
				CLANG_WARN_INT_CONVERSION = YES;
				CLANG_WARN_NON_LITERAL_NULL_CONVERSION = YES;
				CLANG_WARN_OBJC_LITERAL_CONVERSION = YES;
				CLANG_WARN_OBJC_ROOT_CLASS = YES_ERROR;
				CLANG_WARN_RANGE_LOOP_ANALYSIS = YES;
				CLANG_WARN_STRICT_PROTOTYPES = YES;
				CLANG_WARN_SUSPICIOUS_MOVE = YES;
				CLANG_WARN_UNGUARDED_AVAILABILITY = YES_AGGRESSIVE;
				CLANG_WARN_UNREACHABLE_CODE = YES;
				CLANG_WARN__DUPLICATE_METHOD_MATCH = YES;
				CODE_SIGN_IDENTITY = "iPhone Developer: Lixin Hao (54KENJ26LF)";
				COPY_PHASE_STRIP = NO;
				DEBUG_INFORMATION_FORMAT = dwarf;
				DEVELOPMENT_TEAM = JA5QLCHF8U;
				ENABLE_STRICT_OBJC_MSGSEND = YES;
				ENABLE_TESTABILITY = YES;
				GCC_C_LANGUAGE_STANDARD = gnu11;
				GCC_DYNAMIC_NO_PIC = NO;
				GCC_NO_COMMON_BLOCKS = YES;
				GCC_OPTIMIZATION_LEVEL = 0;
				GCC_PREPROCESSOR_DEFINITIONS = (
					"DEBUG=1",
					"$(inherited)",
				);
				GCC_WARN_64_TO_32_BIT_CONVERSION = YES;
				GCC_WARN_ABOUT_RETURN_TYPE = YES_ERROR;
				GCC_WARN_UNDECLARED_SELECTOR = YES;
				GCC_WARN_UNINITIALIZED_AUTOS = YES_AGGRESSIVE;
				GCC_WARN_UNUSED_FUNCTION = YES;
				GCC_WARN_UNUSED_VARIABLE = YES;
				IPHONEOS_DEPLOYMENT_TARGET = 11.2;
				MTL_ENABLE_DEBUG_INFO = YES;
				ONLY_ACTIVE_ARCH = YES;
				PROVISIONING_PROFILE = "867dbe78-f769-4e9d-9676-54f042b008d4";
				SDKROOT = iphoneos;
			};
			name = Debug;
		};
		75A224831FDF8CF7005E28B2 /* Release */ = {
			isa = XCBuildConfiguration;
			buildSettings = {
				ALWAYS_SEARCH_USER_PATHS = NO;
				CLANG_ANALYZER_NONNULL = YES;
				CLANG_ANALYZER_NUMBER_OBJECT_CONVERSION = YES_AGGRESSIVE;
				CLANG_CXX_LANGUAGE_STANDARD = "gnu++14";
				CLANG_CXX_LIBRARY = "libc++";
				CLANG_ENABLE_MODULES = YES;
				CLANG_ENABLE_OBJC_ARC = YES;
				CLANG_WARN_BLOCK_CAPTURE_AUTORELEASING = YES;
				CLANG_WARN_BOOL_CONVERSION = YES;
				CLANG_WARN_COMMA = YES;
				CLANG_WARN_CONSTANT_CONVERSION = YES;
				CLANG_WARN_DIRECT_OBJC_ISA_USAGE = YES_ERROR;
				CLANG_WARN_DOCUMENTATION_COMMENTS = YES;
				CLANG_WARN_EMPTY_BODY = YES;
				CLANG_WARN_ENUM_CONVERSION = YES;
				CLANG_WARN_INFINITE_RECURSION = YES;
				CLANG_WARN_INT_CONVERSION = YES;
				CLANG_WARN_NON_LITERAL_NULL_CONVERSION = YES;
				CLANG_WARN_OBJC_LITERAL_CONVERSION = YES;
				CLANG_WARN_OBJC_ROOT_CLASS = YES_ERROR;
				CLANG_WARN_RANGE_LOOP_ANALYSIS = YES;
				CLANG_WARN_STRICT_PROTOTYPES = YES;
				CLANG_WARN_SUSPICIOUS_MOVE = YES;
				CLANG_WARN_UNGUARDED_AVAILABILITY = YES_AGGRESSIVE;
				CLANG_WARN_UNREACHABLE_CODE = YES;
				CLANG_WARN__DUPLICATE_METHOD_MATCH = YES;
				CODE_SIGN_IDENTITY = "iPhone Developer: Lixin Hao (54KENJ26LF)";
				COPY_PHASE_STRIP = NO;
				DEBUG_INFORMATION_FORMAT = "dwarf-with-dsym";
				DEVELOPMENT_TEAM = JA5QLCHF8U;
				ENABLE_NS_ASSERTIONS = NO;
				ENABLE_STRICT_OBJC_MSGSEND = YES;
				GCC_C_LANGUAGE_STANDARD = gnu11;
				GCC_NO_COMMON_BLOCKS = YES;
				GCC_WARN_64_TO_32_BIT_CONVERSION = YES;
				GCC_WARN_ABOUT_RETURN_TYPE = YES_ERROR;
				GCC_WARN_UNDECLARED_SELECTOR = YES;
				GCC_WARN_UNINITIALIZED_AUTOS = YES_AGGRESSIVE;
				GCC_WARN_UNUSED_FUNCTION = YES;
				GCC_WARN_UNUSED_VARIABLE = YES;
				IPHONEOS_DEPLOYMENT_TARGET = 11.2;
				MTL_ENABLE_DEBUG_INFO = NO;
				PROVISIONING_PROFILE = "867dbe78-f769-4e9d-9676-54f042b008d4";
				SDKROOT = iphoneos;
				VALIDATE_PRODUCT = YES;
			};
			name = Release;
		};
		75A224851FDF8CF7005E28B2 /* Debug */ = {
			isa = XCBuildConfiguration;
			baseConfigurationReference = D87718ED34AD97DD04350730 /* Pods-ZQuanProject.debug.xcconfig */;
			buildSettings = {
				ASSETCATALOG_COMPILER_APPICON_NAME = AppIcon;
				CODE_SIGN_ENTITLEMENTS = ZQuanProject/ZQuanProject.entitlements;
				CODE_SIGN_IDENTITY = "iPhone Developer: Lixin Hao (54KENJ26LF)";
				"CODE_SIGN_IDENTITY[sdk=iphoneos*]" = "iPhone Developer: Lixin Hao (54KENJ26LF)";
				CODE_SIGN_STYLE = Manual;
				DEVELOPMENT_TEAM = JA5QLCHF8U;
				GCC_PREFIX_HEADER = "$(SRCROOT)/ZQuanProject/ZQuanProject-Prefix.pch";
				INFOPLIST_FILE = ZQuanProject/Info.plist;
				IPHONEOS_DEPLOYMENT_TARGET = 8.0;
				LD_RUNPATH_SEARCH_PATHS = "$(inherited) @executable_path/Frameworks";
				LIBRARY_SEARCH_PATHS = (
					"$(inherited)",
					"$(PROJECT_DIR)/ZQuanProject/lib/libWeiboSDK",
				);
				ONLY_ACTIVE_ARCH = YES;
				OTHER_LDFLAGS = (
					"$(inherited)",
					"-ObjC",
					"-l\"sqlite3\"",
					"-l\"z\"",
					"-framework",
					"\"AFNetworking\"",
					"-framework",
					"\"CoreTelephony\"",
					"-framework",
					"\"SSZipArchive\"",
					"-framework",
					"\"UMMobClick\"",
					"-all_load",
				);
				PRODUCT_BUNDLE_IDENTIFIER = cc.circling;
				PRODUCT_NAME = "$(TARGET_NAME)";
				PROVISIONING_PROFILE = "867dbe78-f769-4e9d-9676-54f042b008d4";
				PROVISIONING_PROFILE_SPECIFIER = "circling20180103-dev";
				TARGETED_DEVICE_FAMILY = 1;
			};
			name = Debug;
		};
		75A224861FDF8CF7005E28B2 /* Release */ = {
			isa = XCBuildConfiguration;
			baseConfigurationReference = 0E4837EDC55DCF9DA2F5A8A6 /* Pods-ZQuanProject.release.xcconfig */;
			buildSettings = {
				ASSETCATALOG_COMPILER_APPICON_NAME = AppIcon;
				CODE_SIGN_ENTITLEMENTS = ZQuanProject/ZQuanProject.entitlements;
				CODE_SIGN_IDENTITY = "iPhone Developer: Lixin Hao (54KENJ26LF)";
				"CODE_SIGN_IDENTITY[sdk=iphoneos*]" = "iPhone Developer: Lixin Hao (54KENJ26LF)";
				CODE_SIGN_STYLE = Manual;
				DEVELOPMENT_TEAM = JA5QLCHF8U;
				GCC_PREFIX_HEADER = "$(SRCROOT)/ZQuanProject/ZQuanProject-Prefix.pch";
				INFOPLIST_FILE = ZQuanProject/Info.plist;
				IPHONEOS_DEPLOYMENT_TARGET = 8.0;
				LD_RUNPATH_SEARCH_PATHS = "$(inherited) @executable_path/Frameworks";
				LIBRARY_SEARCH_PATHS = (
					"$(inherited)",
					"$(PROJECT_DIR)/ZQuanProject/lib/libWeiboSDK",
				);
				ONLY_ACTIVE_ARCH = NO;
				OTHER_LDFLAGS = (
					"$(inherited)",
					"-ObjC",
					"-l\"sqlite3\"",
					"-l\"z\"",
					"-framework",
					"\"AFNetworking\"",
					"-framework",
					"\"CoreTelephony\"",
					"-framework",
					"\"SSZipArchive\"",
					"-framework",
					"\"UMMobClick\"",
					"-all_load",
				);
				PRODUCT_BUNDLE_IDENTIFIER = cc.circling;
				PRODUCT_NAME = "$(TARGET_NAME)";
				PROVISIONING_PROFILE = "867dbe78-f769-4e9d-9676-54f042b008d4";
				PROVISIONING_PROFILE_SPECIFIER = "circling20180103-dev";
				TARGETED_DEVICE_FAMILY = 1;
			};
			name = Release;
		};
		75A224881FDF8CF7005E28B2 /* Debug */ = {
			isa = XCBuildConfiguration;
			buildSettings = {
				BUNDLE_LOADER = "$(TEST_HOST)";
				CODE_SIGN_STYLE = Automatic;
				INFOPLIST_FILE = ZQuanProjectTests/Info.plist;
				LD_RUNPATH_SEARCH_PATHS = "$(inherited) @executable_path/Frameworks @loader_path/Frameworks";
				PRODUCT_BUNDLE_IDENTIFIER = zquan.ZQuanProjectTests;
				PRODUCT_NAME = "$(TARGET_NAME)";
				TARGETED_DEVICE_FAMILY = "1,2";
				TEST_HOST = "$(BUILT_PRODUCTS_DIR)/ZQuanProject.app/ZQuanProject";
			};
			name = Debug;
		};
		75A224891FDF8CF7005E28B2 /* Release */ = {
			isa = XCBuildConfiguration;
			buildSettings = {
				BUNDLE_LOADER = "$(TEST_HOST)";
				CODE_SIGN_STYLE = Automatic;
				INFOPLIST_FILE = ZQuanProjectTests/Info.plist;
				LD_RUNPATH_SEARCH_PATHS = "$(inherited) @executable_path/Frameworks @loader_path/Frameworks";
				PRODUCT_BUNDLE_IDENTIFIER = zquan.ZQuanProjectTests;
				PRODUCT_NAME = "$(TARGET_NAME)";
				TARGETED_DEVICE_FAMILY = "1,2";
				TEST_HOST = "$(BUILT_PRODUCTS_DIR)/ZQuanProject.app/ZQuanProject";
			};
			name = Release;
		};
		75A2248B1FDF8CF7005E28B2 /* Debug */ = {
			isa = XCBuildConfiguration;
			buildSettings = {
				CODE_SIGN_STYLE = Automatic;
				INFOPLIST_FILE = ZQuanProjectUITests/Info.plist;
				LD_RUNPATH_SEARCH_PATHS = "$(inherited) @executable_path/Frameworks @loader_path/Frameworks";
				PRODUCT_BUNDLE_IDENTIFIER = zquan.ZQuanProjectUITests;
				PRODUCT_NAME = "$(TARGET_NAME)";
				TARGETED_DEVICE_FAMILY = "1,2";
				TEST_TARGET_NAME = ZQuanProject;
			};
			name = Debug;
		};
		75A2248C1FDF8CF7005E28B2 /* Release */ = {
			isa = XCBuildConfiguration;
			buildSettings = {
				CODE_SIGN_STYLE = Automatic;
				INFOPLIST_FILE = ZQuanProjectUITests/Info.plist;
				LD_RUNPATH_SEARCH_PATHS = "$(inherited) @executable_path/Frameworks @loader_path/Frameworks";
				PRODUCT_BUNDLE_IDENTIFIER = zquan.ZQuanProjectUITests;
				PRODUCT_NAME = "$(TARGET_NAME)";
				TARGETED_DEVICE_FAMILY = "1,2";
				TEST_TARGET_NAME = ZQuanProject;
			};
			name = Release;
		};
/* End XCBuildConfiguration section */

/* Begin XCConfigurationList section */
		75A224531FDF8CF5005E28B2 /* Build configuration list for PBXProject "ZQuanProject" */ = {
			isa = XCConfigurationList;
			buildConfigurations = (
				75A224821FDF8CF7005E28B2 /* Debug */,
				75A224831FDF8CF7005E28B2 /* Release */,
			);
			defaultConfigurationIsVisible = 0;
			defaultConfigurationName = Release;
		};
		75A224841FDF8CF7005E28B2 /* Build configuration list for PBXNativeTarget "ZQuanProject" */ = {
			isa = XCConfigurationList;
			buildConfigurations = (
				75A224851FDF8CF7005E28B2 /* Debug */,
				75A224861FDF8CF7005E28B2 /* Release */,
			);
			defaultConfigurationIsVisible = 0;
			defaultConfigurationName = Release;
		};
		75A224871FDF8CF7005E28B2 /* Build configuration list for PBXNativeTarget "ZQuanProjectTests" */ = {
			isa = XCConfigurationList;
			buildConfigurations = (
				75A224881FDF8CF7005E28B2 /* Debug */,
				75A224891FDF8CF7005E28B2 /* Release */,
			);
			defaultConfigurationIsVisible = 0;
			defaultConfigurationName = Release;
		};
		75A2248A1FDF8CF7005E28B2 /* Build configuration list for PBXNativeTarget "ZQuanProjectUITests" */ = {
			isa = XCConfigurationList;
			buildConfigurations = (
				75A2248B1FDF8CF7005E28B2 /* Debug */,
				75A2248C1FDF8CF7005E28B2 /* Release */,
			);
			defaultConfigurationIsVisible = 0;
			defaultConfigurationName = Release;
		};
/* End XCConfigurationList section */
	};
	rootObject = 75A224501FDF8CF5005E28B2 /* Project object */;
}
